// !$*UTF8*$!
{
	archiveVersion = 1;
	classes = {
	};
	objectVersion = 46;
	objects = {

/* Begin PBXAggregateTarget section */
		690002DA14E4A6B200453B83 /* Localize Storyboard */ = {
			isa = PBXAggregateTarget;
			buildConfigurationList = 690002DB14E4A6B200453B83 /* Build configuration list for PBXAggregateTarget "Localize Storyboard" */;
			buildPhases = (
				690002DE14E4A6BB00453B83 /* ShellScript */,
			);
			dependencies = (
				690002E014E4A6F600453B83 /* PBXTargetDependency */,
			);
			name = "Localize Storyboard";
			productName = Translate;
		};
/* End PBXAggregateTarget section */

/* Begin PBXBuildFile section */
		690002D314E4952100453B83 /* TransactionsWaitingForLocationFetchRequest.m in Sources */ = {isa = PBXBuildFile; fileRef = 690002D214E4952100453B83 /* TransactionsWaitingForLocationFetchRequest.m */; };
		69078BC714E476210080EC68 /* Categories.plist in Resources */ = {isa = PBXBuildFile; fileRef = 69078BC814E476210080EC68 /* Categories.plist */; };
		691292B8143E24700081DC09 /* KeyboardBackground-Highlighted.png in Resources */ = {isa = PBXBuildFile; fileRef = 691292B4143E24700081DC09 /* KeyboardBackground-Highlighted.png */; };
		691292B9143E24700081DC09 /* KeyboardBackground-Highlighted@2x.png in Resources */ = {isa = PBXBuildFile; fileRef = 691292B5143E24700081DC09 /* KeyboardBackground-Highlighted@2x.png */; };
		691292BA143E24700081DC09 /* KeyboardBackground-Normal.png in Resources */ = {isa = PBXBuildFile; fileRef = 691292B6143E24700081DC09 /* KeyboardBackground-Normal.png */; };
		691292BB143E24700081DC09 /* KeyboardBackground-Normal@2x.png in Resources */ = {isa = PBXBuildFile; fileRef = 691292B7143E24700081DC09 /* KeyboardBackground-Normal@2x.png */; };
		69149CBC1457838E00566FB2 /* FetchedFriendsController.m in Sources */ = {isa = PBXBuildFile; fileRef = 69149CBB1457838E00566FB2 /* FetchedFriendsController.m */; };
		69149CBF145783A600566FB2 /* FetchedHistoryController.m in Sources */ = {isa = PBXBuildFile; fileRef = 69149CBE145783A600566FB2 /* FetchedHistoryController.m */; };
		6914CC3E1440C2830090FAA4 /* MissingProfilePicture.png in Resources */ = {isa = PBXBuildFile; fileRef = 6914CC3C1440C2830090FAA4 /* MissingProfilePicture.png */; };
		6914CC3F1440C2830090FAA4 /* MissingProfilePicture@2x.png in Resources */ = {isa = PBXBuildFile; fileRef = 6914CC3D1440C2830090FAA4 /* MissingProfilePicture@2x.png */; };
		6914CC421440C4270090FAA4 /* UIImage+RIOAdditions.m in Sources */ = {isa = PBXBuildFile; fileRef = 6914CC411440C4270090FAA4 /* UIImage+RIOAdditions.m */; };
		6914CC451440D6C30090FAA4 /* RIOTimedLocationManager.m in Sources */ = {isa = PBXBuildFile; fileRef = 6914CC441440D6C30090FAA4 /* RIOTimedLocationManager.m */; };
		6914CC491440E00F0090FAA4 /* TabBarController.m in Sources */ = {isa = PBXBuildFile; fileRef = 6914CC481440E00E0090FAA4 /* TabBarController.m */; };
		691B063014588E4A00BBD460 /* Friends.png in Resources */ = {isa = PBXBuildFile; fileRef = 691B062E14588E4A00BBD460 /* Friends.png */; };
		691B063114588E4A00BBD460 /* Friends@2x.png in Resources */ = {isa = PBXBuildFile; fileRef = 691B062F14588E4A00BBD460 /* Friends@2x.png */; };
		69204A78141FE9F600D6A075 /* NSDecimalNumber+RIOAdditions.m in Sources */ = {isa = PBXBuildFile; fileRef = 69204A77141FE9F600D6A075 /* NSDecimalNumber+RIOAdditions.m */; };
		693E5097143A1C7600F12459 /* RIORelativeDate.m in Sources */ = {isa = PBXBuildFile; fileRef = 693E5096143A1C7600F12459 /* RIORelativeDate.m */; };
		693E509A143A1CFD00F12459 /* NSDate+RIORelativeDate.m in Sources */ = {isa = PBXBuildFile; fileRef = 693E5099143A1CFD00F12459 /* NSDate+RIORelativeDate.m */; };
		6940EEC81433CD81003361E6 /* Activities-Highlighted.png in Resources */ = {isa = PBXBuildFile; fileRef = 6940EE9C1433CD80003361E6 /* Activities-Highlighted.png */; };
		6940EEC91433CD81003361E6 /* Activities-Highlighted@2x.png in Resources */ = {isa = PBXBuildFile; fileRef = 6940EE9D1433CD80003361E6 /* Activities-Highlighted@2x.png */; };
		6940EECA1433CD81003361E6 /* Activities-Normal.png in Resources */ = {isa = PBXBuildFile; fileRef = 6940EE9E1433CD80003361E6 /* Activities-Normal.png */; };
		6940EECB1433CD81003361E6 /* Activities-Normal@2x.png in Resources */ = {isa = PBXBuildFile; fileRef = 6940EE9F1433CD80003361E6 /* Activities-Normal@2x.png */; };
		6940EED01433CD81003361E6 /* FoodDrinks-Highlighted.png in Resources */ = {isa = PBXBuildFile; fileRef = 6940EEA41433CD80003361E6 /* FoodDrinks-Highlighted.png */; };
		6940EED11433CD81003361E6 /* FoodDrinks-Highlighted@2x.png in Resources */ = {isa = PBXBuildFile; fileRef = 6940EEA51433CD80003361E6 /* FoodDrinks-Highlighted@2x.png */; };
		6940EED21433CD81003361E6 /* FoodDrinks-Normal.png in Resources */ = {isa = PBXBuildFile; fileRef = 6940EEA61433CD80003361E6 /* FoodDrinks-Normal.png */; };
		6940EED31433CD81003361E6 /* FoodDrinks-Normal@2x.png in Resources */ = {isa = PBXBuildFile; fileRef = 6940EEA71433CD80003361E6 /* FoodDrinks-Normal@2x.png */; };
		6940EED41433CD81003361E6 /* Shopping-Highlighted.png in Resources */ = {isa = PBXBuildFile; fileRef = 6940EEA81433CD80003361E6 /* Shopping-Highlighted.png */; };
		6940EED51433CD81003361E6 /* Shopping-Highlighted@2x.png in Resources */ = {isa = PBXBuildFile; fileRef = 6940EEA91433CD80003361E6 /* Shopping-Highlighted@2x.png */; };
		6940EED61433CD81003361E6 /* Shopping-Normal.png in Resources */ = {isa = PBXBuildFile; fileRef = 6940EEAA1433CD80003361E6 /* Shopping-Normal.png */; };
		6940EED71433CD81003361E6 /* Shopping-Normal@2x.png in Resources */ = {isa = PBXBuildFile; fileRef = 6940EEAB1433CD80003361E6 /* Shopping-Normal@2x.png */; };
		6940EEDC1433CD81003361E6 /* Payback-Highlighted.png in Resources */ = {isa = PBXBuildFile; fileRef = 6940EEB01433CD80003361E6 /* Payback-Highlighted.png */; };
		6940EEDD1433CD81003361E6 /* Payback-Highlighted@2x.png in Resources */ = {isa = PBXBuildFile; fileRef = 6940EEB11433CD80003361E6 /* Payback-Highlighted@2x.png */; };
		6940EEDE1433CD81003361E6 /* Payback-Normal.png in Resources */ = {isa = PBXBuildFile; fileRef = 6940EEB21433CD80003361E6 /* Payback-Normal.png */; };
		6940EEDF1433CD81003361E6 /* Payback-Normal@2x.png in Resources */ = {isa = PBXBuildFile; fileRef = 6940EEB31433CD80003361E6 /* Payback-Normal@2x.png */; };
		6940EEE41433CD81003361E6 /* Transport-Highlighted.png in Resources */ = {isa = PBXBuildFile; fileRef = 6940EEB81433CD80003361E6 /* Transport-Highlighted.png */; };
		6940EEE51433CD81003361E6 /* Transport-Highlighted@2x.png in Resources */ = {isa = PBXBuildFile; fileRef = 6940EEB91433CD80003361E6 /* Transport-Highlighted@2x.png */; };
		6940EEE61433CD81003361E6 /* Transport-Normal.png in Resources */ = {isa = PBXBuildFile; fileRef = 6940EEBA1433CD80003361E6 /* Transport-Normal.png */; };
		6940EEE71433CD81003361E6 /* Transport-Normal@2x.png in Resources */ = {isa = PBXBuildFile; fileRef = 6940EEBB1433CD80003361E6 /* Transport-Normal@2x.png */; };
		6940EEEA1433CD81003361E6 /* Travel-Highlighted.png in Resources */ = {isa = PBXBuildFile; fileRef = 6940EEBE1433CD80003361E6 /* Travel-Highlighted.png */; };
		6940EEEB1433CD81003361E6 /* Travel-Highlighted@2x.png in Resources */ = {isa = PBXBuildFile; fileRef = 6940EEBF1433CD80003361E6 /* Travel-Highlighted@2x.png */; };
		6940EEEE1433CD81003361E6 /* Travel-Normal.png in Resources */ = {isa = PBXBuildFile; fileRef = 6940EEC21433CD80003361E6 /* Travel-Normal.png */; };
		6940EEEF1433CD81003361E6 /* Travel-Normal@2x.png in Resources */ = {isa = PBXBuildFile; fileRef = 6940EEC31433CD80003361E6 /* Travel-Normal@2x.png */; };
		6940EEF01433CD81003361E6 /* Unknown-Highlighted.png in Resources */ = {isa = PBXBuildFile; fileRef = 6940EEC41433CD80003361E6 /* Unknown-Highlighted.png */; };
		6940EEF11433CD81003361E6 /* Unknown-Highlighted@2x.png in Resources */ = {isa = PBXBuildFile; fileRef = 6940EEC51433CD80003361E6 /* Unknown-Highlighted@2x.png */; };
		6940EEF21433CD81003361E6 /* Unknown-Normal.png in Resources */ = {isa = PBXBuildFile; fileRef = 6940EEC61433CD80003361E6 /* Unknown-Normal.png */; };
		6940EEF31433CD81003361E6 /* Unknown-Normal@2x.png in Resources */ = {isa = PBXBuildFile; fileRef = 6940EEC71433CD80003361E6 /* Unknown-Normal@2x.png */; };
		694120531429544D00270B2A /* QuartzCore.framework in Frameworks */ = {isa = PBXBuildFile; fileRef = 694120521429544D00270B2A /* QuartzCore.framework */; };
		6941FF73141A6D6B00FB3A24 /* UIKit.framework in Frameworks */ = {isa = PBXBuildFile; fileRef = 6941FF72141A6D6B00FB3A24 /* UIKit.framework */; };
		6941FF75141A6D6B00FB3A24 /* Foundation.framework in Frameworks */ = {isa = PBXBuildFile; fileRef = 6941FF74141A6D6B00FB3A24 /* Foundation.framework */; };
		6941FF77141A6D6B00FB3A24 /* CoreGraphics.framework in Frameworks */ = {isa = PBXBuildFile; fileRef = 6941FF76141A6D6B00FB3A24 /* CoreGraphics.framework */; };
		6941FF79141A6D6B00FB3A24 /* CoreData.framework in Frameworks */ = {isa = PBXBuildFile; fileRef = 6941FF78141A6D6B00FB3A24 /* CoreData.framework */; };
		6941FF7F141A6D6B00FB3A24 /* InfoPlist.strings in Resources */ = {isa = PBXBuildFile; fileRef = 6941FF7D141A6D6B00FB3A24 /* InfoPlist.strings */; };
		6941FF81141A6D6B00FB3A24 /* main.m in Sources */ = {isa = PBXBuildFile; fileRef = 6941FF80141A6D6B00FB3A24 /* main.m */; };
		6941FF85141A6D6B00FB3A24 /* AppDelegate.m in Sources */ = {isa = PBXBuildFile; fileRef = 6941FF84141A6D6B00FB3A24 /* AppDelegate.m */; };
		6941FF90141A6D6B00FB3A24 /* SenTestingKit.framework in Frameworks */ = {isa = PBXBuildFile; fileRef = 6941FF8F141A6D6B00FB3A24 /* SenTestingKit.framework */; };
		6941FF91141A6D6B00FB3A24 /* UIKit.framework in Frameworks */ = {isa = PBXBuildFile; fileRef = 6941FF72141A6D6B00FB3A24 /* UIKit.framework */; };
		6941FF92141A6D6B00FB3A24 /* Foundation.framework in Frameworks */ = {isa = PBXBuildFile; fileRef = 6941FF74141A6D6B00FB3A24 /* Foundation.framework */; };
		6941FF93141A6D6B00FB3A24 /* CoreData.framework in Frameworks */ = {isa = PBXBuildFile; fileRef = 6941FF78141A6D6B00FB3A24 /* CoreData.framework */; };
		6941FF9B141A6D6B00FB3A24 /* InfoPlist.strings in Resources */ = {isa = PBXBuildFile; fileRef = 6941FF99141A6D6B00FB3A24 /* InfoPlist.strings */; };
		6941FF9E141A6D6B00FB3A24 /* FriendlyLoanTests.m in Sources */ = {isa = PBXBuildFile; fileRef = 6941FF9D141A6D6B00FB3A24 /* FriendlyLoanTests.m */; };
		69515FEA14D39D4900C9569D /* Location.m in Sources */ = {isa = PBXBuildFile; fileRef = 69515FE914D39D4900C9569D /* Location.m */; };
		6967C4A514531FB500ADDEA1 /* NSCalendar+RIOAdditions.m in Sources */ = {isa = PBXBuildFile; fileRef = 6967C4A414531FB500ADDEA1 /* NSCalendar+RIOAdditions.m */; };
		6971E4EF14E452FF00CBDEFC /* LoanManager.m in Sources */ = {isa = PBXBuildFile; fileRef = 6971E4EE14E452FF00CBDEFC /* LoanManager.m */; };
		6971E4F414E4570600CBDEFC /* FriendlyLoan.storyboard in Resources */ = {isa = PBXBuildFile; fileRef = 6971E4F614E4570600CBDEFC /* FriendlyLoan.storyboard */; };
		6971E50614E4622C00CBDEFC /* DetailsViewController.m in Sources */ = {isa = PBXBuildFile; fileRef = 6971E50714E4622C00CBDEFC /* DetailsViewController.m */; };
		6971E51314E46AC500CBDEFC /* Localizable.strings in Resources */ = {isa = PBXBuildFile; fileRef = 6971E51114E46AC500CBDEFC /* Localizable.strings */; };
		6971E52D14E4727100CBDEFC /* Categories.strings in Resources */ = {isa = PBXBuildFile; fileRef = 6971E52F14E4727100CBDEFC /* Categories.strings */; };
		697271A014E5EAC90057F71E /* Icon-72.png in Resources */ = {isa = PBXBuildFile; fileRef = 6972719914E5EAC90057F71E /* Icon-72.png */; };
		697271A114E5EAC90057F71E /* Icon-Small-50.png in Resources */ = {isa = PBXBuildFile; fileRef = 6972719A14E5EAC90057F71E /* Icon-Small-50.png */; };
		697271A214E5EAC90057F71E /* Icon-Small.png in Resources */ = {isa = PBXBuildFile; fileRef = 6972719B14E5EAC90057F71E /* Icon-Small.png */; };
		697271A314E5EAC90057F71E /* Icon-Small@2x.png in Resources */ = {isa = PBXBuildFile; fileRef = 6972719C14E5EAC90057F71E /* Icon-Small@2x.png */; };
		697271A414E5EAC90057F71E /* Icon.png in Resources */ = {isa = PBXBuildFile; fileRef = 6972719D14E5EAC90057F71E /* Icon.png */; };
		697271A514E5EAC90057F71E /* Icon@2x.png in Resources */ = {isa = PBXBuildFile; fileRef = 6972719E14E5EAC90057F71E /* Icon@2x.png */; };
		697271A614E5EAC90057F71E /* iTunesArtwork.png in Resources */ = {isa = PBXBuildFile; fileRef = 6972719F14E5EAC90057F71E /* iTunesArtwork.png */; };
		6972F0B11426AB430047305C /* EditLoanViewController.m in Sources */ = {isa = PBXBuildFile; fileRef = 6972F0B01426AB430047305C /* EditLoanViewController.m */; };
		6972F0B51426AE0E0047305C /* AbstractLoanViewController.m in Sources */ = {isa = PBXBuildFile; fileRef = 6972F0B41426AE0E0047305C /* AbstractLoanViewController.m */; };
		697D8C9F141D48E9007FAD86 /* FriendlyLoan.xcdatamodeld in Sources */ = {isa = PBXBuildFile; fileRef = 697D8C9D141D48E9007FAD86 /* FriendlyLoan.xcdatamodeld */; };
		69872F82145238E400BA1FE6 /* RIORelativeDate.strings in Resources */ = {isa = PBXBuildFile; fileRef = 69872F84145238E400BA1FE6 /* RIORelativeDate.strings */; };
		69872F961452DD8E00BA1FE6 /* NSDate+RIOAdditions.m in Sources */ = {isa = PBXBuildFile; fileRef = 69872F951452DD8D00BA1FE6 /* NSDate+RIOAdditions.m */; };
		69934737141BDCBB004DFEF1 /* AddressBookUI.framework in Frameworks */ = {isa = PBXBuildFile; fileRef = 69934734141BDCA6004DFEF1 /* AddressBookUI.framework */; };
		69934739141BDD88004DFEF1 /* AddressBook.framework in Frameworks */ = {isa = PBXBuildFile; fileRef = 69934738141BDD88004DFEF1 /* AddressBook.framework */; };
		69934740141C19F7004DFEF1 /* CategoriesViewController.m in Sources */ = {isa = PBXBuildFile; fileRef = 6993473F141C19F7004DFEF1 /* CategoriesViewController.m */; };
		69934750141C3821004DFEF1 /* AddLoan.png in Resources */ = {isa = PBXBuildFile; fileRef = 6993474E141C3821004DFEF1 /* AddLoan.png */; };
		69934757141C3A03004DFEF1 /* AddLoan@2x.png in Resources */ = {isa = PBXBuildFile; fileRef = 69934756141C3A03004DFEF1 /* AddLoan@2x.png */; };
		6993475A141C3F3B004DFEF1 /* Settings.png in Resources */ = {isa = PBXBuildFile; fileRef = 69934758141C3F3B004DFEF1 /* Settings.png */; };
		6993475B141C3F3B004DFEF1 /* Settings@2x.png in Resources */ = {isa = PBXBuildFile; fileRef = 69934759141C3F3B004DFEF1 /* Settings@2x.png */; };
		69934760141C6C85004DFEF1 /* MapKit.framework in Frameworks */ = {isa = PBXBuildFile; fileRef = 6993475E141C6C6E004DFEF1 /* MapKit.framework */; };
		69A67F821433FC7600AAEC35 /* FriendsSearchResultsController.m in Sources */ = {isa = PBXBuildFile; fileRef = 69A67F811433FC7600AAEC35 /* FriendsSearchResultsController.m */; };
		69A9B26514311F0D006A0D3F /* Category.m in Sources */ = {isa = PBXBuildFile; fileRef = 69A9B26414311F0D006A0D3F /* Category.m */; };
		69AC115D143E4806001A0810 /* Location+Custom.m in Sources */ = {isa = PBXBuildFile; fileRef = 69AC115C143E4806001A0810 /* Location+Custom.m */; };
		69AC1174143E5009001A0810 /* Friend+Custom.m in Sources */ = {isa = PBXBuildFile; fileRef = 69AC1173143E5009001A0810 /* Friend+Custom.m */; };
		69AE6353142929840016AF6F /* CoreLocation.framework in Frameworks */ = {isa = PBXBuildFile; fileRef = 69AE6352142929840016AF6F /* CoreLocation.framework */; };
		69BA5DFC14E0920800021EAA /* Friend.m in Sources */ = {isa = PBXBuildFile; fileRef = 69BA5DFB14E0920800021EAA /* Friend.m */; };
		69BA5DFF14E0922500021EAA /* Transaction.m in Sources */ = {isa = PBXBuildFile; fileRef = 69BA5DFE14E0922500021EAA /* Transaction.m */; };
		69BA69C1141ADC23008C4384 /* Transaction+Custom.m in Sources */ = {isa = PBXBuildFile; fileRef = 69BA69C0141ADC23008C4384 /* Transaction+Custom.m */; };
		69BA69CA141AF5A2008C4384 /* AmountTextField.m in Sources */ = {isa = PBXBuildFile; fileRef = 69BA69C9141AF5A1008C4384 /* AmountTextField.m */; };
		69C3CEB0141A7B4C00549213 /* FriendsViewController.m in Sources */ = {isa = PBXBuildFile; fileRef = 69C3CEAF141A7B4C00549213 /* FriendsViewController.m */; };
		69C3CEB4141A7B6700549213 /* HistoryViewController.m in Sources */ = {isa = PBXBuildFile; fileRef = 69C3CEB3141A7B6700549213 /* HistoryViewController.m */; };
		69C3CECA141A7EA600549213 /* AddLoanViewController.m in Sources */ = {isa = PBXBuildFile; fileRef = 69C3CEC9141A7EA600549213 /* AddLoanViewController.m */; };
		69CF1A5014D3A6EF0053A0A8 /* Other-Normal.png in Resources */ = {isa = PBXBuildFile; fileRef = 69CF1A4C14D3A6E40053A0A8 /* Other-Normal.png */; };
		69CF1A5114D3A6EF0053A0A8 /* Other-Highlighted.png in Resources */ = {isa = PBXBuildFile; fileRef = 69CF1A4D14D3A6E50053A0A8 /* Other-Highlighted.png */; };
		69CF1A5214D3A6EF0053A0A8 /* Other-Normal@2x.png in Resources */ = {isa = PBXBuildFile; fileRef = 69CF1A4E14D3A6E80053A0A8 /* Other-Normal@2x.png */; };
		69CF1A5314D3A6EF0053A0A8 /* Other-Highlighted@2x.png in Resources */ = {isa = PBXBuildFile; fileRef = 69CF1A4F14D3A6EA0053A0A8 /* Other-Highlighted@2x.png */; };
		69D3361014414E7800CB4E25 /* Default.png in Resources */ = {isa = PBXBuildFile; fileRef = 69D3360E14414E7800CB4E25 /* Default.png */; };
		69D3361114414E7800CB4E25 /* Default@2x.png in Resources */ = {isa = PBXBuildFile; fileRef = 69D3360F14414E7800CB4E25 /* Default@2x.png */; };
/* End PBXBuildFile section */

/* Begin PBXContainerItemProxy section */
		690002DF14E4A6F600453B83 /* PBXContainerItemProxy */ = {
			isa = PBXContainerItemProxy;
			containerPortal = 6941FF65141A6D6B00FB3A24 /* Project object */;
			proxyType = 1;
			remoteGlobalIDString = 6941FF6D141A6D6B00FB3A24;
			remoteInfo = FriendlyLoan;
		};
		6941FF94141A6D6B00FB3A24 /* PBXContainerItemProxy */ = {
			isa = PBXContainerItemProxy;
			containerPortal = 6941FF65141A6D6B00FB3A24 /* Project object */;
			proxyType = 1;
			remoteGlobalIDString = 6941FF6D141A6D6B00FB3A24;
			remoteInfo = FriendlyLoan;
		};
/* End PBXContainerItemProxy section */

/* Begin PBXFileReference section */
		690002D114E4952100453B83 /* TransactionsWaitingForLocationFetchRequest.h */ = {isa = PBXFileReference; fileEncoding = 4; lastKnownFileType = sourcecode.c.h; path = TransactionsWaitingForLocationFetchRequest.h; sourceTree = "<group>"; };
		690002D214E4952100453B83 /* TransactionsWaitingForLocationFetchRequest.m */ = {isa = PBXFileReference; fileEncoding = 4; lastKnownFileType = sourcecode.c.objc; path = TransactionsWaitingForLocationFetchRequest.m; sourceTree = "<group>"; };
		690002D514E4A02600453B83 /* LoanManagerAttachLocationDelegate.h */ = {isa = PBXFileReference; fileEncoding = 4; lastKnownFileType = sourcecode.c.h; path = LoanManagerAttachLocationDelegate.h; sourceTree = "<group>"; };
		69078BC814E476210080EC68 /* Categories.plist */ = {isa = PBXFileReference; lastKnownFileType = text.plist.xml; path = Categories.plist; sourceTree = "<group>"; };
		691292B4143E24700081DC09 /* KeyboardBackground-Highlighted.png */ = {isa = PBXFileReference; lastKnownFileType = image.png; path = "KeyboardBackground-Highlighted.png"; sourceTree = "<group>"; };
		691292B5143E24700081DC09 /* KeyboardBackground-Highlighted@2x.png */ = {isa = PBXFileReference; lastKnownFileType = image.png; path = "KeyboardBackground-Highlighted@2x.png"; sourceTree = "<group>"; };
		691292B6143E24700081DC09 /* KeyboardBackground-Normal.png */ = {isa = PBXFileReference; lastKnownFileType = image.png; path = "KeyboardBackground-Normal.png"; sourceTree = "<group>"; };
		691292B7143E24700081DC09 /* KeyboardBackground-Normal@2x.png */ = {isa = PBXFileReference; lastKnownFileType = image.png; path = "KeyboardBackground-Normal@2x.png"; sourceTree = "<group>"; };
		69149CB71457785E00566FB2 /* Models.h */ = {isa = PBXFileReference; fileEncoding = 4; lastKnownFileType = sourcecode.c.h; path = Models.h; sourceTree = "<group>"; };
		69149CBA1457838E00566FB2 /* FetchedFriendsController.h */ = {isa = PBXFileReference; fileEncoding = 4; lastKnownFileType = sourcecode.c.h; path = FetchedFriendsController.h; sourceTree = "<group>"; };
		69149CBB1457838E00566FB2 /* FetchedFriendsController.m */ = {isa = PBXFileReference; fileEncoding = 4; lastKnownFileType = sourcecode.c.objc; path = FetchedFriendsController.m; sourceTree = "<group>"; };
		69149CBD145783A600566FB2 /* FetchedHistoryController.h */ = {isa = PBXFileReference; fileEncoding = 4; lastKnownFileType = sourcecode.c.h; path = FetchedHistoryController.h; sourceTree = "<group>"; };
		69149CBE145783A600566FB2 /* FetchedHistoryController.m */ = {isa = PBXFileReference; fileEncoding = 4; lastKnownFileType = sourcecode.c.objc; path = FetchedHistoryController.m; sourceTree = "<group>"; };
		6914CC3C1440C2830090FAA4 /* MissingProfilePicture.png */ = {isa = PBXFileReference; lastKnownFileType = image.png; path = MissingProfilePicture.png; sourceTree = "<group>"; };
		6914CC3D1440C2830090FAA4 /* MissingProfilePicture@2x.png */ = {isa = PBXFileReference; lastKnownFileType = image.png; path = "MissingProfilePicture@2x.png"; sourceTree = "<group>"; };
		6914CC401440C4270090FAA4 /* UIImage+RIOAdditions.h */ = {isa = PBXFileReference; fileEncoding = 4; lastKnownFileType = sourcecode.c.h; path = "UIImage+RIOAdditions.h"; sourceTree = "<group>"; };
		6914CC411440C4270090FAA4 /* UIImage+RIOAdditions.m */ = {isa = PBXFileReference; fileEncoding = 4; lastKnownFileType = sourcecode.c.objc; path = "UIImage+RIOAdditions.m"; sourceTree = "<group>"; };
		6914CC431440D6C30090FAA4 /* RIOTimedLocationManager.h */ = {isa = PBXFileReference; fileEncoding = 4; lastKnownFileType = sourcecode.c.h; path = RIOTimedLocationManager.h; sourceTree = "<group>"; };
		6914CC441440D6C30090FAA4 /* RIOTimedLocationManager.m */ = {isa = PBXFileReference; fileEncoding = 4; lastKnownFileType = sourcecode.c.objc; path = RIOTimedLocationManager.m; sourceTree = "<group>"; };
		6914CC471440E00E0090FAA4 /* TabBarController.h */ = {isa = PBXFileReference; fileEncoding = 4; lastKnownFileType = sourcecode.c.h; name = TabBarController.h; path = ../TabBarController.h; sourceTree = "<group>"; };
		6914CC481440E00E0090FAA4 /* TabBarController.m */ = {isa = PBXFileReference; fileEncoding = 4; lastKnownFileType = sourcecode.c.objc; name = TabBarController.m; path = ../TabBarController.m; sourceTree = "<group>"; };
		691B062E14588E4A00BBD460 /* Friends.png */ = {isa = PBXFileReference; lastKnownFileType = image.png; path = Friends.png; sourceTree = "<group>"; };
		691B062F14588E4A00BBD460 /* Friends@2x.png */ = {isa = PBXFileReference; lastKnownFileType = image.png; path = "Friends@2x.png"; sourceTree = "<group>"; };
		69204A76141FE9F600D6A075 /* NSDecimalNumber+RIOAdditions.h */ = {isa = PBXFileReference; fileEncoding = 4; lastKnownFileType = sourcecode.c.h; path = "NSDecimalNumber+RIOAdditions.h"; sourceTree = "<group>"; };
		69204A77141FE9F600D6A075 /* NSDecimalNumber+RIOAdditions.m */ = {isa = PBXFileReference; fileEncoding = 4; lastKnownFileType = sourcecode.c.objc; path = "NSDecimalNumber+RIOAdditions.m"; sourceTree = "<group>"; };
		69204A9214200EB900D6A075 /* CategoriesViewControllerDelegate.h */ = {isa = PBXFileReference; fileEncoding = 4; lastKnownFileType = sourcecode.c.h; path = CategoriesViewControllerDelegate.h; sourceTree = "<group>"; };
		693E5096143A1C7600F12459 /* RIORelativeDate.m */ = {isa = PBXFileReference; fileEncoding = 4; lastKnownFileType = sourcecode.c.objc; path = RIORelativeDate.m; sourceTree = "<group>"; };
		693E5098143A1CFD00F12459 /* NSDate+RIORelativeDate.h */ = {isa = PBXFileReference; fileEncoding = 4; lastKnownFileType = sourcecode.c.h; path = "NSDate+RIORelativeDate.h"; sourceTree = "<group>"; };
		693E5099143A1CFD00F12459 /* NSDate+RIORelativeDate.m */ = {isa = PBXFileReference; fileEncoding = 4; lastKnownFileType = sourcecode.c.objc; path = "NSDate+RIORelativeDate.m"; sourceTree = "<group>"; };
		6940EE9C1433CD80003361E6 /* Activities-Highlighted.png */ = {isa = PBXFileReference; lastKnownFileType = image.png; path = "Activities-Highlighted.png"; sourceTree = "<group>"; };
		6940EE9D1433CD80003361E6 /* Activities-Highlighted@2x.png */ = {isa = PBXFileReference; lastKnownFileType = image.png; path = "Activities-Highlighted@2x.png"; sourceTree = "<group>"; };
		6940EE9E1433CD80003361E6 /* Activities-Normal.png */ = {isa = PBXFileReference; lastKnownFileType = image.png; path = "Activities-Normal.png"; sourceTree = "<group>"; };
		6940EE9F1433CD80003361E6 /* Activities-Normal@2x.png */ = {isa = PBXFileReference; lastKnownFileType = image.png; path = "Activities-Normal@2x.png"; sourceTree = "<group>"; };
		6940EEA41433CD80003361E6 /* FoodDrinks-Highlighted.png */ = {isa = PBXFileReference; lastKnownFileType = image.png; path = "FoodDrinks-Highlighted.png"; sourceTree = "<group>"; };
		6940EEA51433CD80003361E6 /* FoodDrinks-Highlighted@2x.png */ = {isa = PBXFileReference; lastKnownFileType = image.png; path = "FoodDrinks-Highlighted@2x.png"; sourceTree = "<group>"; };
		6940EEA61433CD80003361E6 /* FoodDrinks-Normal.png */ = {isa = PBXFileReference; lastKnownFileType = image.png; path = "FoodDrinks-Normal.png"; sourceTree = "<group>"; };
		6940EEA71433CD80003361E6 /* FoodDrinks-Normal@2x.png */ = {isa = PBXFileReference; lastKnownFileType = image.png; path = "FoodDrinks-Normal@2x.png"; sourceTree = "<group>"; };
		6940EEA81433CD80003361E6 /* Shopping-Highlighted.png */ = {isa = PBXFileReference; lastKnownFileType = image.png; path = "Shopping-Highlighted.png"; sourceTree = "<group>"; };
		6940EEA91433CD80003361E6 /* Shopping-Highlighted@2x.png */ = {isa = PBXFileReference; lastKnownFileType = image.png; path = "Shopping-Highlighted@2x.png"; sourceTree = "<group>"; };
		6940EEAA1433CD80003361E6 /* Shopping-Normal.png */ = {isa = PBXFileReference; lastKnownFileType = image.png; path = "Shopping-Normal.png"; sourceTree = "<group>"; };
		6940EEAB1433CD80003361E6 /* Shopping-Normal@2x.png */ = {isa = PBXFileReference; lastKnownFileType = image.png; path = "Shopping-Normal@2x.png"; sourceTree = "<group>"; };
		6940EEB01433CD80003361E6 /* Payback-Highlighted.png */ = {isa = PBXFileReference; lastKnownFileType = image.png; path = "Payback-Highlighted.png"; sourceTree = "<group>"; };
		6940EEB11433CD80003361E6 /* Payback-Highlighted@2x.png */ = {isa = PBXFileReference; lastKnownFileType = image.png; path = "Payback-Highlighted@2x.png"; sourceTree = "<group>"; };
		6940EEB21433CD80003361E6 /* Payback-Normal.png */ = {isa = PBXFileReference; lastKnownFileType = image.png; path = "Payback-Normal.png"; sourceTree = "<group>"; };
		6940EEB31433CD80003361E6 /* Payback-Normal@2x.png */ = {isa = PBXFileReference; lastKnownFileType = image.png; path = "Payback-Normal@2x.png"; sourceTree = "<group>"; };
		6940EEB81433CD80003361E6 /* Transport-Highlighted.png */ = {isa = PBXFileReference; lastKnownFileType = image.png; path = "Transport-Highlighted.png"; sourceTree = "<group>"; };
		6940EEB91433CD80003361E6 /* Transport-Highlighted@2x.png */ = {isa = PBXFileReference; lastKnownFileType = image.png; path = "Transport-Highlighted@2x.png"; sourceTree = "<group>"; };
		6940EEBA1433CD80003361E6 /* Transport-Normal.png */ = {isa = PBXFileReference; lastKnownFileType = image.png; path = "Transport-Normal.png"; sourceTree = "<group>"; };
		6940EEBB1433CD80003361E6 /* Transport-Normal@2x.png */ = {isa = PBXFileReference; lastKnownFileType = image.png; path = "Transport-Normal@2x.png"; sourceTree = "<group>"; };
		6940EEBE1433CD80003361E6 /* Travel-Highlighted.png */ = {isa = PBXFileReference; lastKnownFileType = image.png; path = "Travel-Highlighted.png"; sourceTree = "<group>"; };
		6940EEBF1433CD80003361E6 /* Travel-Highlighted@2x.png */ = {isa = PBXFileReference; lastKnownFileType = image.png; path = "Travel-Highlighted@2x.png"; sourceTree = "<group>"; };
		6940EEC21433CD80003361E6 /* Travel-Normal.png */ = {isa = PBXFileReference; lastKnownFileType = image.png; path = "Travel-Normal.png"; sourceTree = "<group>"; };
		6940EEC31433CD80003361E6 /* Travel-Normal@2x.png */ = {isa = PBXFileReference; lastKnownFileType = image.png; path = "Travel-Normal@2x.png"; sourceTree = "<group>"; };
		6940EEC41433CD80003361E6 /* Unknown-Highlighted.png */ = {isa = PBXFileReference; lastKnownFileType = image.png; path = "Unknown-Highlighted.png"; sourceTree = "<group>"; };
		6940EEC51433CD80003361E6 /* Unknown-Highlighted@2x.png */ = {isa = PBXFileReference; lastKnownFileType = image.png; path = "Unknown-Highlighted@2x.png"; sourceTree = "<group>"; };
		6940EEC61433CD80003361E6 /* Unknown-Normal.png */ = {isa = PBXFileReference; lastKnownFileType = image.png; path = "Unknown-Normal.png"; sourceTree = "<group>"; };
		6940EEC71433CD80003361E6 /* Unknown-Normal@2x.png */ = {isa = PBXFileReference; lastKnownFileType = image.png; path = "Unknown-Normal@2x.png"; sourceTree = "<group>"; };
		694120521429544D00270B2A /* QuartzCore.framework */ = {isa = PBXFileReference; lastKnownFileType = wrapper.framework; name = QuartzCore.framework; path = System/Library/Frameworks/QuartzCore.framework; sourceTree = SDKROOT; };
		6941FF6E141A6D6B00FB3A24 /* FriendlyLoan.app */ = {isa = PBXFileReference; explicitFileType = wrapper.application; includeInIndex = 0; path = FriendlyLoan.app; sourceTree = BUILT_PRODUCTS_DIR; };
		6941FF72141A6D6B00FB3A24 /* UIKit.framework */ = {isa = PBXFileReference; lastKnownFileType = wrapper.framework; name = UIKit.framework; path = System/Library/Frameworks/UIKit.framework; sourceTree = SDKROOT; };
		6941FF74141A6D6B00FB3A24 /* Foundation.framework */ = {isa = PBXFileReference; lastKnownFileType = wrapper.framework; name = Foundation.framework; path = System/Library/Frameworks/Foundation.framework; sourceTree = SDKROOT; };
		6941FF76141A6D6B00FB3A24 /* CoreGraphics.framework */ = {isa = PBXFileReference; lastKnownFileType = wrapper.framework; name = CoreGraphics.framework; path = System/Library/Frameworks/CoreGraphics.framework; sourceTree = SDKROOT; };
		6941FF78141A6D6B00FB3A24 /* CoreData.framework */ = {isa = PBXFileReference; lastKnownFileType = wrapper.framework; name = CoreData.framework; path = System/Library/Frameworks/CoreData.framework; sourceTree = SDKROOT; };
		6941FF7C141A6D6B00FB3A24 /* FriendlyLoan-Info.plist */ = {isa = PBXFileReference; lastKnownFileType = text.plist.xml; path = "FriendlyLoan-Info.plist"; sourceTree = "<group>"; };
		6941FF7E141A6D6B00FB3A24 /* en */ = {isa = PBXFileReference; lastKnownFileType = text.plist.strings; name = en; path = en.lproj/InfoPlist.strings; sourceTree = "<group>"; };
		6941FF80141A6D6B00FB3A24 /* main.m */ = {isa = PBXFileReference; lastKnownFileType = sourcecode.c.objc; path = main.m; sourceTree = "<group>"; };
		6941FF82141A6D6B00FB3A24 /* FriendlyLoan-Prefix.pch */ = {isa = PBXFileReference; lastKnownFileType = sourcecode.c.h; path = "FriendlyLoan-Prefix.pch"; sourceTree = "<group>"; };
		6941FF83141A6D6B00FB3A24 /* AppDelegate.h */ = {isa = PBXFileReference; lastKnownFileType = sourcecode.c.h; path = AppDelegate.h; sourceTree = "<group>"; };
		6941FF84141A6D6B00FB3A24 /* AppDelegate.m */ = {isa = PBXFileReference; lastKnownFileType = sourcecode.c.objc; path = AppDelegate.m; sourceTree = "<group>"; };
		6941FF8E141A6D6B00FB3A24 /* FriendlyLoanTests.octest */ = {isa = PBXFileReference; explicitFileType = wrapper.cfbundle; includeInIndex = 0; path = FriendlyLoanTests.octest; sourceTree = BUILT_PRODUCTS_DIR; };
		6941FF8F141A6D6B00FB3A24 /* SenTestingKit.framework */ = {isa = PBXFileReference; lastKnownFileType = wrapper.framework; name = SenTestingKit.framework; path = Library/Frameworks/SenTestingKit.framework; sourceTree = DEVELOPER_DIR; };
		6941FF98141A6D6B00FB3A24 /* FriendlyLoanTests-Info.plist */ = {isa = PBXFileReference; lastKnownFileType = text.plist.xml; path = "FriendlyLoanTests-Info.plist"; sourceTree = "<group>"; };
		6941FF9A141A6D6B00FB3A24 /* en */ = {isa = PBXFileReference; lastKnownFileType = text.plist.strings; name = en; path = en.lproj/InfoPlist.strings; sourceTree = "<group>"; };
		6941FF9C141A6D6B00FB3A24 /* FriendlyLoanTests.h */ = {isa = PBXFileReference; lastKnownFileType = sourcecode.c.h; path = FriendlyLoanTests.h; sourceTree = "<group>"; };
		6941FF9D141A6D6B00FB3A24 /* FriendlyLoanTests.m */ = {isa = PBXFileReference; lastKnownFileType = sourcecode.c.objc; path = FriendlyLoanTests.m; sourceTree = "<group>"; };
		69515FE814D39D4900C9569D /* Location.h */ = {isa = PBXFileReference; fileEncoding = 4; lastKnownFileType = sourcecode.c.h; path = Location.h; sourceTree = "<group>"; };
		69515FE914D39D4900C9569D /* Location.m */ = {isa = PBXFileReference; fileEncoding = 4; lastKnownFileType = sourcecode.c.objc; path = Location.m; sourceTree = "<group>"; };
		6967C4A2145300AF00ADDEA1 /* nb */ = {isa = PBXFileReference; lastKnownFileType = text.plist.strings; name = nb; path = nb.lproj/RIORelativeDate.strings; sourceTree = "<group>"; };
		6967C4A314531FB500ADDEA1 /* NSCalendar+RIOAdditions.h */ = {isa = PBXFileReference; fileEncoding = 4; lastKnownFileType = sourcecode.c.h; path = "NSCalendar+RIOAdditions.h"; sourceTree = "<group>"; };
		6967C4A414531FB500ADDEA1 /* NSCalendar+RIOAdditions.m */ = {isa = PBXFileReference; fileEncoding = 4; lastKnownFileType = sourcecode.c.objc; path = "NSCalendar+RIOAdditions.m"; sourceTree = "<group>"; };
		6971E4ED14E452FF00CBDEFC /* LoanManager.h */ = {isa = PBXFileReference; fileEncoding = 4; lastKnownFileType = sourcecode.c.h; path = LoanManager.h; sourceTree = "<group>"; };
		6971E4EE14E452FF00CBDEFC /* LoanManager.m */ = {isa = PBXFileReference; fileEncoding = 4; lastKnownFileType = sourcecode.c.objc; path = LoanManager.m; sourceTree = "<group>"; };
		6971E4F014E4531000CBDEFC /* LoanManagerLocationDelegate.h */ = {isa = PBXFileReference; fileEncoding = 4; lastKnownFileType = sourcecode.c.h; path = LoanManagerLocationDelegate.h; sourceTree = "<group>"; };
		6971E4F114E4531E00CBDEFC /* LoanManagerBackingStoreDelegate.h */ = {isa = PBXFileReference; fileEncoding = 4; lastKnownFileType = sourcecode.c.h; path = LoanManagerBackingStoreDelegate.h; sourceTree = "<group>"; };
		6971E4F514E4570600CBDEFC /* en */ = {isa = PBXFileReference; lastKnownFileType = file.storyboard; name = en; path = en.lproj/FriendlyLoan.storyboard; sourceTree = "<group>"; };
		6971E50314E4611D00CBDEFC /* en */ = {isa = PBXFileReference; lastKnownFileType = sourcecode.c.h; name = en; path = en.lproj/RIORelativeDate.h; sourceTree = "<group>"; };
		6971E50714E4622C00CBDEFC /* DetailsViewController.m */ = {isa = PBXFileReference; lastKnownFileType = sourcecode.c.objc; path = DetailsViewController.m; sourceTree = "<group>"; };
		6971E51214E46AC500CBDEFC /* en */ = {isa = PBXFileReference; lastKnownFileType = text.plist.strings; name = en; path = en.lproj/Localizable.strings; sourceTree = "<group>"; };
		6971E51414E46AD700CBDEFC /* nb */ = {isa = PBXFileReference; lastKnownFileType = text.plist.strings; name = nb; path = nb.lproj/Localizable.strings; sourceTree = "<group>"; };
		6971E51614E46D7400CBDEFC /* nb */ = {isa = PBXFileReference; lastKnownFileType = file.storyboard; name = nb; path = nb.lproj/FriendlyLoan.storyboard; sourceTree = "<group>"; };
		6971E52E14E4727100CBDEFC /* en */ = {isa = PBXFileReference; lastKnownFileType = text.plist.strings; name = en; path = en.lproj/Categories.strings; sourceTree = "<group>"; };
		6971E53014E4727600CBDEFC /* nb */ = {isa = PBXFileReference; lastKnownFileType = text.plist.strings; name = nb; path = nb.lproj/Categories.strings; sourceTree = "<group>"; };
		6972719914E5EAC90057F71E /* Icon-72.png */ = {isa = PBXFileReference; lastKnownFileType = image.png; path = "Icon-72.png"; sourceTree = "<group>"; };
		6972719A14E5EAC90057F71E /* Icon-Small-50.png */ = {isa = PBXFileReference; lastKnownFileType = image.png; path = "Icon-Small-50.png"; sourceTree = "<group>"; };
		6972719B14E5EAC90057F71E /* Icon-Small.png */ = {isa = PBXFileReference; lastKnownFileType = image.png; path = "Icon-Small.png"; sourceTree = "<group>"; };
		6972719C14E5EAC90057F71E /* Icon-Small@2x.png */ = {isa = PBXFileReference; lastKnownFileType = image.png; path = "Icon-Small@2x.png"; sourceTree = "<group>"; };
		6972719D14E5EAC90057F71E /* Icon.png */ = {isa = PBXFileReference; lastKnownFileType = image.png; path = Icon.png; sourceTree = "<group>"; };
		6972719E14E5EAC90057F71E /* Icon@2x.png */ = {isa = PBXFileReference; lastKnownFileType = image.png; path = "Icon@2x.png"; sourceTree = "<group>"; };
		6972719F14E5EAC90057F71E /* iTunesArtwork.png */ = {isa = PBXFileReference; lastKnownFileType = image.png; path = iTunesArtwork.png; sourceTree = "<group>"; };
		6972F0AF1426AB430047305C /* EditLoanViewController.h */ = {isa = PBXFileReference; fileEncoding = 4; lastKnownFileType = sourcecode.c.h; path = EditLoanViewController.h; sourceTree = "<group>"; };
		6972F0B01426AB430047305C /* EditLoanViewController.m */ = {isa = PBXFileReference; fileEncoding = 4; lastKnownFileType = sourcecode.c.objc; path = EditLoanViewController.m; sourceTree = "<group>"; };
		6972F0B31426AE0E0047305C /* AbstractLoanViewController.h */ = {isa = PBXFileReference; fileEncoding = 4; lastKnownFileType = sourcecode.c.h; path = AbstractLoanViewController.h; sourceTree = "<group>"; };
		6972F0B41426AE0E0047305C /* AbstractLoanViewController.m */ = {isa = PBXFileReference; fileEncoding = 4; lastKnownFileType = sourcecode.c.objc; path = AbstractLoanViewController.m; sourceTree = "<group>"; };
		697D8C9E141D48E9007FAD86 /* FriendlyLoan.xcdatamodel */ = {isa = PBXFileReference; lastKnownFileType = wrapper.xcdatamodel; path = FriendlyLoan.xcdatamodel; sourceTree = "<group>"; };
		6980CE471441248D00C658A0 /* RIOTimedLocationManagerDelegate.h */ = {isa = PBXFileReference; fileEncoding = 4; lastKnownFileType = sourcecode.c.h; path = RIOTimedLocationManagerDelegate.h; sourceTree = "<group>"; };
		69872F83145238E400BA1FE6 /* en */ = {isa = PBXFileReference; lastKnownFileType = text.plist.strings; name = en; path = en.lproj/RIORelativeDate.strings; sourceTree = "<group>"; };
		69872F941452DD8D00BA1FE6 /* NSDate+RIOAdditions.h */ = {isa = PBXFileReference; fileEncoding = 4; lastKnownFileType = sourcecode.c.h; path = "NSDate+RIOAdditions.h"; sourceTree = "<group>"; };
		69872F951452DD8D00BA1FE6 /* NSDate+RIOAdditions.m */ = {isa = PBXFileReference; fileEncoding = 4; lastKnownFileType = sourcecode.c.objc; path = "NSDate+RIOAdditions.m"; sourceTree = "<group>"; };
		698EDBE81426D0E30028C16C /* EditLoanViewControllerDelegate.h */ = {isa = PBXFileReference; fileEncoding = 4; lastKnownFileType = sourcecode.c.h; path = EditLoanViewControllerDelegate.h; sourceTree = "<group>"; };
		69934734141BDCA6004DFEF1 /* AddressBookUI.framework */ = {isa = PBXFileReference; lastKnownFileType = wrapper.framework; name = AddressBookUI.framework; path = System/Library/Frameworks/AddressBookUI.framework; sourceTree = SDKROOT; };
		69934738141BDD88004DFEF1 /* AddressBook.framework */ = {isa = PBXFileReference; lastKnownFileType = wrapper.framework; name = AddressBook.framework; path = System/Library/Frameworks/AddressBook.framework; sourceTree = SDKROOT; };
		6993473E141C19F7004DFEF1 /* CategoriesViewController.h */ = {isa = PBXFileReference; fileEncoding = 4; lastKnownFileType = sourcecode.c.h; path = CategoriesViewController.h; sourceTree = "<group>"; };
		6993473F141C19F7004DFEF1 /* CategoriesViewController.m */ = {isa = PBXFileReference; fileEncoding = 4; lastKnownFileType = sourcecode.c.objc; path = CategoriesViewController.m; sourceTree = "<group>"; };
		6993474E141C3821004DFEF1 /* AddLoan.png */ = {isa = PBXFileReference; lastKnownFileType = image.png; path = AddLoan.png; sourceTree = "<group>"; };
		69934756141C3A03004DFEF1 /* AddLoan@2x.png */ = {isa = PBXFileReference; lastKnownFileType = image.png; path = "AddLoan@2x.png"; sourceTree = "<group>"; };
		69934758141C3F3B004DFEF1 /* Settings.png */ = {isa = PBXFileReference; lastKnownFileType = image.png; path = Settings.png; sourceTree = "<group>"; };
		69934759141C3F3B004DFEF1 /* Settings@2x.png */ = {isa = PBXFileReference; lastKnownFileType = image.png; path = "Settings@2x.png"; sourceTree = "<group>"; };
		6993475E141C6C6E004DFEF1 /* MapKit.framework */ = {isa = PBXFileReference; lastKnownFileType = wrapper.framework; name = MapKit.framework; path = System/Library/Frameworks/MapKit.framework; sourceTree = SDKROOT; };
		69A67F801433FC7600AAEC35 /* FriendsSearchResultsController.h */ = {isa = PBXFileReference; fileEncoding = 4; lastKnownFileType = sourcecode.c.h; path = FriendsSearchResultsController.h; sourceTree = "<group>"; };
		69A67F811433FC7600AAEC35 /* FriendsSearchResultsController.m */ = {isa = PBXFileReference; fileEncoding = 4; lastKnownFileType = sourcecode.c.objc; path = FriendsSearchResultsController.m; sourceTree = "<group>"; };
		69A9B26314311F0D006A0D3F /* Category.h */ = {isa = PBXFileReference; fileEncoding = 4; lastKnownFileType = sourcecode.c.h; path = Category.h; sourceTree = "<group>"; };
		69A9B26414311F0D006A0D3F /* Category.m */ = {isa = PBXFileReference; fileEncoding = 4; lastKnownFileType = sourcecode.c.objc; path = Category.m; sourceTree = "<group>"; };
		69AC115B143E4806001A0810 /* Location+Custom.h */ = {isa = PBXFileReference; fileEncoding = 4; lastKnownFileType = sourcecode.c.h; path = "Location+Custom.h"; sourceTree = "<group>"; };
		69AC115C143E4806001A0810 /* Location+Custom.m */ = {isa = PBXFileReference; fileEncoding = 4; lastKnownFileType = sourcecode.c.objc; path = "Location+Custom.m"; sourceTree = "<group>"; };
		69AC1172143E5009001A0810 /* Friend+Custom.h */ = {isa = PBXFileReference; fileEncoding = 4; lastKnownFileType = sourcecode.c.h; path = "Friend+Custom.h"; sourceTree = "<group>"; };
		69AC1173143E5009001A0810 /* Friend+Custom.m */ = {isa = PBXFileReference; fileEncoding = 4; lastKnownFileType = sourcecode.c.objc; path = "Friend+Custom.m"; sourceTree = "<group>"; };
		69AE6352142929840016AF6F /* CoreLocation.framework */ = {isa = PBXFileReference; lastKnownFileType = wrapper.framework; name = CoreLocation.framework; path = System/Library/Frameworks/CoreLocation.framework; sourceTree = SDKROOT; };
		69BA5DF914E0865200021EAA /* FriendlyLoan 2.xcdatamodel */ = {isa = PBXFileReference; lastKnownFileType = wrapper.xcdatamodel; path = "FriendlyLoan 2.xcdatamodel"; sourceTree = "<group>"; };
		69BA5DFA14E0920800021EAA /* Friend.h */ = {isa = PBXFileReference; fileEncoding = 4; lastKnownFileType = sourcecode.c.h; path = Friend.h; sourceTree = "<group>"; };
		69BA5DFB14E0920800021EAA /* Friend.m */ = {isa = PBXFileReference; fileEncoding = 4; lastKnownFileType = sourcecode.c.objc; path = Friend.m; sourceTree = "<group>"; };
		69BA5DFD14E0922500021EAA /* Transaction.h */ = {isa = PBXFileReference; fileEncoding = 4; lastKnownFileType = sourcecode.c.h; path = Transaction.h; sourceTree = "<group>"; };
		69BA5DFE14E0922500021EAA /* Transaction.m */ = {isa = PBXFileReference; fileEncoding = 4; lastKnownFileType = sourcecode.c.objc; path = Transaction.m; sourceTree = "<group>"; };
		69BA69BF141ADC23008C4384 /* Transaction+Custom.h */ = {isa = PBXFileReference; fileEncoding = 4; lastKnownFileType = sourcecode.c.h; path = "Transaction+Custom.h"; sourceTree = "<group>"; };
		69BA69C0141ADC23008C4384 /* Transaction+Custom.m */ = {isa = PBXFileReference; fileEncoding = 4; lastKnownFileType = sourcecode.c.objc; path = "Transaction+Custom.m"; sourceTree = "<group>"; };
		69BA69C8141AF5A1008C4384 /* AmountTextField.h */ = {isa = PBXFileReference; fileEncoding = 4; lastKnownFileType = sourcecode.c.h; path = AmountTextField.h; sourceTree = "<group>"; };
		69BA69C9141AF5A1008C4384 /* AmountTextField.m */ = {isa = PBXFileReference; fileEncoding = 4; lastKnownFileType = sourcecode.c.objc; path = AmountTextField.m; sourceTree = "<group>"; };
		69C3CEAE141A7B4C00549213 /* FriendsViewController.h */ = {isa = PBXFileReference; fileEncoding = 4; lastKnownFileType = sourcecode.c.h; path = FriendsViewController.h; sourceTree = "<group>"; };
		69C3CEAF141A7B4C00549213 /* FriendsViewController.m */ = {isa = PBXFileReference; fileEncoding = 4; lastKnownFileType = sourcecode.c.objc; path = FriendsViewController.m; sourceTree = "<group>"; };
		69C3CEB2141A7B6700549213 /* HistoryViewController.h */ = {isa = PBXFileReference; fileEncoding = 4; lastKnownFileType = sourcecode.c.h; path = HistoryViewController.h; sourceTree = "<group>"; };
		69C3CEB3141A7B6700549213 /* HistoryViewController.m */ = {isa = PBXFileReference; fileEncoding = 4; lastKnownFileType = sourcecode.c.objc; path = HistoryViewController.m; sourceTree = "<group>"; };
		69C3CEC8141A7EA600549213 /* AddLoanViewController.h */ = {isa = PBXFileReference; fileEncoding = 4; lastKnownFileType = sourcecode.c.h; path = AddLoanViewController.h; sourceTree = "<group>"; };
		69C3CEC9141A7EA600549213 /* AddLoanViewController.m */ = {isa = PBXFileReference; fileEncoding = 4; lastKnownFileType = sourcecode.c.objc; path = AddLoanViewController.m; sourceTree = "<group>"; };
		69C3CECB141A7EB400549213 /* DetailsViewController.h */ = {isa = PBXFileReference; fileEncoding = 4; lastKnownFileType = sourcecode.c.h; path = DetailsViewController.h; sourceTree = "<group>"; };
		69CF1A4C14D3A6E40053A0A8 /* Other-Normal.png */ = {isa = PBXFileReference; lastKnownFileType = image.png; path = "Other-Normal.png"; sourceTree = "<group>"; };
		69CF1A4D14D3A6E50053A0A8 /* Other-Highlighted.png */ = {isa = PBXFileReference; lastKnownFileType = image.png; path = "Other-Highlighted.png"; sourceTree = "<group>"; };
		69CF1A4E14D3A6E80053A0A8 /* Other-Normal@2x.png */ = {isa = PBXFileReference; lastKnownFileType = image.png; path = "Other-Normal@2x.png"; sourceTree = "<group>"; };
		69CF1A4F14D3A6EA0053A0A8 /* Other-Highlighted@2x.png */ = {isa = PBXFileReference; lastKnownFileType = image.png; path = "Other-Highlighted@2x.png"; sourceTree = "<group>"; };
		69D3360E14414E7800CB4E25 /* Default.png */ = {isa = PBXFileReference; lastKnownFileType = image.png; path = Default.png; sourceTree = "<group>"; };
		69D3360F14414E7800CB4E25 /* Default@2x.png */ = {isa = PBXFileReference; lastKnownFileType = image.png; path = "Default@2x.png"; sourceTree = "<group>"; };
/* End PBXFileReference section */

/* Begin PBXFrameworksBuildPhase section */
		6941FF6B141A6D6B00FB3A24 /* Frameworks */ = {
			isa = PBXFrameworksBuildPhase;
			buildActionMask = 2147483647;
			files = (
				694120531429544D00270B2A /* QuartzCore.framework in Frameworks */,
				69934760141C6C85004DFEF1 /* MapKit.framework in Frameworks */,
				69AE6353142929840016AF6F /* CoreLocation.framework in Frameworks */,
				69934737141BDCBB004DFEF1 /* AddressBookUI.framework in Frameworks */,
				69934739141BDD88004DFEF1 /* AddressBook.framework in Frameworks */,
				6941FF73141A6D6B00FB3A24 /* UIKit.framework in Frameworks */,
				6941FF75141A6D6B00FB3A24 /* Foundation.framework in Frameworks */,
				6941FF77141A6D6B00FB3A24 /* CoreGraphics.framework in Frameworks */,
				6941FF79141A6D6B00FB3A24 /* CoreData.framework in Frameworks */,
			);
			runOnlyForDeploymentPostprocessing = 0;
		};
		6941FF8A141A6D6B00FB3A24 /* Frameworks */ = {
			isa = PBXFrameworksBuildPhase;
			buildActionMask = 2147483647;
			files = (
				6941FF90141A6D6B00FB3A24 /* SenTestingKit.framework in Frameworks */,
				6941FF91141A6D6B00FB3A24 /* UIKit.framework in Frameworks */,
				6941FF92141A6D6B00FB3A24 /* Foundation.framework in Frameworks */,
				6941FF93141A6D6B00FB3A24 /* CoreData.framework in Frameworks */,
			);
			runOnlyForDeploymentPostprocessing = 0;
		};
/* End PBXFrameworksBuildPhase section */

/* Begin PBXGroup section */
		69149CB814577EB700566FB2 /* Models */ = {
			isa = PBXGroup;
			children = (
				69149CB71457785E00566FB2 /* Models.h */,
				697D8C9D141D48E9007FAD86 /* FriendlyLoan.xcdatamodeld */,
				69BA69C6141AE927008C4384 /* Generated Classes */,
				69BA69C7141AE941008C4384 /* Custom Classes */,
			);
			name = Models;
			sourceTree = "<group>";
		};
		69149CB91457834C00566FB2 /* Fetch Requests */ = {
			isa = PBXGroup;
			children = (
				690002D114E4952100453B83 /* TransactionsWaitingForLocationFetchRequest.h */,
				690002D214E4952100453B83 /* TransactionsWaitingForLocationFetchRequest.m */,
				69149CBA1457838E00566FB2 /* FetchedFriendsController.h */,
				69149CBB1457838E00566FB2 /* FetchedFriendsController.m */,
				69149CBD145783A600566FB2 /* FetchedHistoryController.h */,
				69149CBE145783A600566FB2 /* FetchedHistoryController.m */,
			);
			name = "Fetch Requests";
			sourceTree = "<group>";
		};
		6914CC461440D6C80090FAA4 /* RIOTimedLocationManager */ = {
			isa = PBXGroup;
			children = (
				6980CE471441248D00C658A0 /* RIOTimedLocationManagerDelegate.h */,
				6914CC431440D6C30090FAA4 /* RIOTimedLocationManager.h */,
				6914CC441440D6C30090FAA4 /* RIOTimedLocationManager.m */,
			);
			path = RIOTimedLocationManager;
			sourceTree = "<group>";
		};
		69204A73141FE9AF00D6A075 /* Libraries */ = {
			isa = PBXGroup;
			children = (
				69204A75141FE9B500D6A075 /* Additions */,
				693E5091143A1B1B00F12459 /* RIORelativeDate */,
				6914CC461440D6C80090FAA4 /* RIOTimedLocationManager */,
			);
			path = Libraries;
			sourceTree = "<group>";
		};
		69204A75141FE9B500D6A075 /* Additions */ = {
			isa = PBXGroup;
			children = (
				69204A76141FE9F600D6A075 /* NSDecimalNumber+RIOAdditions.h */,
				69204A77141FE9F600D6A075 /* NSDecimalNumber+RIOAdditions.m */,
				6914CC401440C4270090FAA4 /* UIImage+RIOAdditions.h */,
				6914CC411440C4270090FAA4 /* UIImage+RIOAdditions.m */,
				6967C4A314531FB500ADDEA1 /* NSCalendar+RIOAdditions.h */,
				6967C4A414531FB500ADDEA1 /* NSCalendar+RIOAdditions.m */,
			);
			path = Additions;
			sourceTree = "<group>";
		};
		693E5091143A1B1B00F12459 /* RIORelativeDate */ = {
			isa = PBXGroup;
			children = (
				69872F941452DD8D00BA1FE6 /* NSDate+RIOAdditions.h */,
				69872F951452DD8D00BA1FE6 /* NSDate+RIOAdditions.m */,
				69872F84145238E400BA1FE6 /* RIORelativeDate.strings */,
				693E5098143A1CFD00F12459 /* NSDate+RIORelativeDate.h */,
				693E5099143A1CFD00F12459 /* NSDate+RIORelativeDate.m */,
				6971E50414E4611D00CBDEFC /* RIORelativeDate.h */,
				693E5096143A1C7600F12459 /* RIORelativeDate.m */,
			);
			path = RIORelativeDate;
			sourceTree = "<group>";
		};
		6941FF63141A6D6B00FB3A24 = {
			isa = PBXGroup;
			children = (
				6941FF7A141A6D6B00FB3A24 /* FriendlyLoan */,
				6941FF96141A6D6B00FB3A24 /* FriendlyLoanTests */,
				6941FF71141A6D6B00FB3A24 /* Frameworks */,
				6941FF6F141A6D6B00FB3A24 /* Products */,
			);
			sourceTree = "<group>";
		};
		6941FF6F141A6D6B00FB3A24 /* Products */ = {
			isa = PBXGroup;
			children = (
				6941FF6E141A6D6B00FB3A24 /* FriendlyLoan.app */,
				6941FF8E141A6D6B00FB3A24 /* FriendlyLoanTests.octest */,
			);
			name = Products;
			sourceTree = "<group>";
		};
		6941FF71141A6D6B00FB3A24 /* Frameworks */ = {
			isa = PBXGroup;
			children = (
				694120521429544D00270B2A /* QuartzCore.framework */,
				6993475E141C6C6E004DFEF1 /* MapKit.framework */,
				69AE6352142929840016AF6F /* CoreLocation.framework */,
				69934734141BDCA6004DFEF1 /* AddressBookUI.framework */,
				69934738141BDD88004DFEF1 /* AddressBook.framework */,
				6941FF72141A6D6B00FB3A24 /* UIKit.framework */,
				6941FF74141A6D6B00FB3A24 /* Foundation.framework */,
				6941FF76141A6D6B00FB3A24 /* CoreGraphics.framework */,
				6941FF78141A6D6B00FB3A24 /* CoreData.framework */,
				6941FF8F141A6D6B00FB3A24 /* SenTestingKit.framework */,
			);
			name = Frameworks;
			sourceTree = "<group>";
		};
		6941FF7A141A6D6B00FB3A24 /* FriendlyLoan */ = {
			isa = PBXGroup;
			children = (
				6941FF83141A6D6B00FB3A24 /* AppDelegate.h */,
				6941FF84141A6D6B00FB3A24 /* AppDelegate.m */,
				69C3CEDB141AB07400549213 /* User Interface */,
				69C3CEDA141AB06800549213 /* Business Logic */,
				69204A73141FE9AF00D6A075 /* Libraries */,
				69C3CED9141A880900549213 /* Resources */,
				6941FF7B141A6D6B00FB3A24 /* Supporting Files */,
			);
			path = FriendlyLoan;
			sourceTree = "<group>";
		};
		6941FF7B141A6D6B00FB3A24 /* Supporting Files */ = {
			isa = PBXGroup;
			children = (
				6941FF7C141A6D6B00FB3A24 /* FriendlyLoan-Info.plist */,
				6941FF7D141A6D6B00FB3A24 /* InfoPlist.strings */,
				6941FF80141A6D6B00FB3A24 /* main.m */,
				6941FF82141A6D6B00FB3A24 /* FriendlyLoan-Prefix.pch */,
			);
			name = "Supporting Files";
			sourceTree = "<group>";
		};
		6941FF96141A6D6B00FB3A24 /* FriendlyLoanTests */ = {
			isa = PBXGroup;
			children = (
				6941FF9C141A6D6B00FB3A24 /* FriendlyLoanTests.h */,
				6941FF9D141A6D6B00FB3A24 /* FriendlyLoanTests.m */,
				6941FF97141A6D6B00FB3A24 /* Supporting Files */,
			);
			path = FriendlyLoanTests;
			sourceTree = "<group>";
		};
		6941FF97141A6D6B00FB3A24 /* Supporting Files */ = {
			isa = PBXGroup;
			children = (
				6941FF98141A6D6B00FB3A24 /* FriendlyLoanTests-Info.plist */,
				6941FF99141A6D6B00FB3A24 /* InfoPlist.strings */,
			);
			name = "Supporting Files";
			sourceTree = "<group>";
		};
		694A59F31426C0D5000B5190 /* Categories View */ = {
			isa = PBXGroup;
			children = (
				69B6B203143E54160014A615 /* Category */,
				69204A9214200EB900D6A075 /* CategoriesViewControllerDelegate.h */,
				6993473E141C19F7004DFEF1 /* CategoriesViewController.h */,
				6993473F141C19F7004DFEF1 /* CategoriesViewController.m */,
			);
			name = "Categories View";
			sourceTree = "<group>";
		};
		6971E4EB14E452EC00CBDEFC /* LoanManager */ = {
			isa = PBXGroup;
			children = (
				6971E4ED14E452FF00CBDEFC /* LoanManager.h */,
				6971E4EE14E452FF00CBDEFC /* LoanManager.m */,
				6971E4F014E4531000CBDEFC /* LoanManagerLocationDelegate.h */,
				6971E4F114E4531E00CBDEFC /* LoanManagerBackingStoreDelegate.h */,
				690002D514E4A02600453B83 /* LoanManagerAttachLocationDelegate.h */,
			);
			name = LoanManager;
			sourceTree = "<group>";
		};
		698EDBEA1426D4630028C16C /* Custom Text Field */ = {
			isa = PBXGroup;
			children = (
				69BA69C8141AF5A1008C4384 /* AmountTextField.h */,
				69BA69C9141AF5A1008C4384 /* AmountTextField.m */,
			);
			name = "Custom Text Field";
			sourceTree = "<group>";
		};
		69934745141C362C004DFEF1 /* Tab Bar */ = {
			isa = PBXGroup;
			children = (
				6993474E141C3821004DFEF1 /* AddLoan.png */,
				69934756141C3A03004DFEF1 /* AddLoan@2x.png */,
				691B062E14588E4A00BBD460 /* Friends.png */,
				691B062F14588E4A00BBD460 /* Friends@2x.png */,
				69934758141C3F3B004DFEF1 /* Settings.png */,
				69934759141C3F3B004DFEF1 /* Settings@2x.png */,
			);
			name = "Tab Bar";
			sourceTree = "<group>";
		};
		69934769141C73E8004DFEF1 /* Friends */ = {
			isa = PBXGroup;
			children = (
				6914CC3C1440C2830090FAA4 /* MissingProfilePicture.png */,
				6914CC3D1440C2830090FAA4 /* MissingProfilePicture@2x.png */,
			);
			name = Friends;
			sourceTree = "<group>";
		};
		69A9B26114311725006A0D3F /* App Icon */ = {
			isa = PBXGroup;
			children = (
				6972719914E5EAC90057F71E /* Icon-72.png */,
				6972719A14E5EAC90057F71E /* Icon-Small-50.png */,
				6972719B14E5EAC90057F71E /* Icon-Small.png */,
				6972719C14E5EAC90057F71E /* Icon-Small@2x.png */,
				6972719D14E5EAC90057F71E /* Icon.png */,
				6972719E14E5EAC90057F71E /* Icon@2x.png */,
				6972719F14E5EAC90057F71E /* iTunesArtwork.png */,
			);
			name = "App Icon";
			sourceTree = "<group>";
		};
		69AC1164143E4A58001A0810 /* Add Loan */ = {
			isa = PBXGroup;
			children = (
				691292B4143E24700081DC09 /* KeyboardBackground-Highlighted.png */,
				691292B5143E24700081DC09 /* KeyboardBackground-Highlighted@2x.png */,
				691292B6143E24700081DC09 /* KeyboardBackground-Normal.png */,
				691292B7143E24700081DC09 /* KeyboardBackground-Normal@2x.png */,
			);
			name = "Add Loan";
			sourceTree = "<group>";
		};
		69B6B203143E54160014A615 /* Category */ = {
			isa = PBXGroup;
			children = (
				69078BC814E476210080EC68 /* Categories.plist */,
				6971E52F14E4727100CBDEFC /* Categories.strings */,
				69A9B26314311F0D006A0D3F /* Category.h */,
				69A9B26414311F0D006A0D3F /* Category.m */,
			);
			name = Category;
			sourceTree = "<group>";
		};
		69BA69BC141AD4C6008C4384 /* Categories */ = {
			isa = PBXGroup;
			children = (
				6940EE9C1433CD80003361E6 /* Activities-Highlighted.png */,
				6940EE9D1433CD80003361E6 /* Activities-Highlighted@2x.png */,
				6940EE9E1433CD80003361E6 /* Activities-Normal.png */,
				6940EE9F1433CD80003361E6 /* Activities-Normal@2x.png */,
				6940EEA41433CD80003361E6 /* FoodDrinks-Highlighted.png */,
				6940EEA51433CD80003361E6 /* FoodDrinks-Highlighted@2x.png */,
				6940EEA61433CD80003361E6 /* FoodDrinks-Normal.png */,
				6940EEA71433CD80003361E6 /* FoodDrinks-Normal@2x.png */,
				6940EEA81433CD80003361E6 /* Shopping-Highlighted.png */,
				6940EEA91433CD80003361E6 /* Shopping-Highlighted@2x.png */,
				6940EEAA1433CD80003361E6 /* Shopping-Normal.png */,
				6940EEAB1433CD80003361E6 /* Shopping-Normal@2x.png */,
				69CF1A4C14D3A6E40053A0A8 /* Other-Normal.png */,
				69CF1A4D14D3A6E50053A0A8 /* Other-Highlighted.png */,
				69CF1A4E14D3A6E80053A0A8 /* Other-Normal@2x.png */,
				69CF1A4F14D3A6EA0053A0A8 /* Other-Highlighted@2x.png */,
				6940EEB01433CD80003361E6 /* Payback-Highlighted.png */,
				6940EEB11433CD80003361E6 /* Payback-Highlighted@2x.png */,
				6940EEB21433CD80003361E6 /* Payback-Normal.png */,
				6940EEB31433CD80003361E6 /* Payback-Normal@2x.png */,
				6940EEB81433CD80003361E6 /* Transport-Highlighted.png */,
				6940EEB91433CD80003361E6 /* Transport-Highlighted@2x.png */,
				6940EEBA1433CD80003361E6 /* Transport-Normal.png */,
				6940EEBB1433CD80003361E6 /* Transport-Normal@2x.png */,
				6940EEBE1433CD80003361E6 /* Travel-Highlighted.png */,
				6940EEBF1433CD80003361E6 /* Travel-Highlighted@2x.png */,
				6940EEC21433CD80003361E6 /* Travel-Normal.png */,
				6940EEC31433CD80003361E6 /* Travel-Normal@2x.png */,
				6940EEC41433CD80003361E6 /* Unknown-Highlighted.png */,
				6940EEC51433CD80003361E6 /* Unknown-Highlighted@2x.png */,
				6940EEC61433CD80003361E6 /* Unknown-Normal.png */,
				6940EEC71433CD80003361E6 /* Unknown-Normal@2x.png */,
			);
			name = Categories;
			sourceTree = "<group>";
		};
		69BA69C6141AE927008C4384 /* Generated Classes */ = {
			isa = PBXGroup;
			children = (
				69BA5DFD14E0922500021EAA /* Transaction.h */,
				69BA5DFE14E0922500021EAA /* Transaction.m */,
				69BA5DFA14E0920800021EAA /* Friend.h */,
				69BA5DFB14E0920800021EAA /* Friend.m */,
				69515FE814D39D4900C9569D /* Location.h */,
				69515FE914D39D4900C9569D /* Location.m */,
			);
			name = "Generated Classes";
			sourceTree = "<group>";
		};
		69BA69C7141AE941008C4384 /* Custom Classes */ = {
			isa = PBXGroup;
			children = (
				69BA69BF141ADC23008C4384 /* Transaction+Custom.h */,
				69BA69C0141ADC23008C4384 /* Transaction+Custom.m */,
				69AC1172143E5009001A0810 /* Friend+Custom.h */,
				69AC1173143E5009001A0810 /* Friend+Custom.m */,
				69AC115B143E4806001A0810 /* Location+Custom.h */,
				69AC115C143E4806001A0810 /* Location+Custom.m */,
			);
			name = "Custom Classes";
			sourceTree = "<group>";
		};
		69C3CEB1141A7B5000549213 /* Friends */ = {
			isa = PBXGroup;
			children = (
				69C3CEAE141A7B4C00549213 /* FriendsViewController.h */,
				69C3CEAF141A7B4C00549213 /* FriendsViewController.m */,
				69A67F801433FC7600AAEC35 /* FriendsSearchResultsController.h */,
				69A67F811433FC7600AAEC35 /* FriendsSearchResultsController.m */,
			);
			name = Friends;
			sourceTree = "<group>";
		};
		69C3CEB5141A7B6A00549213 /* History */ = {
			isa = PBXGroup;
			children = (
				69C3CEB2141A7B6700549213 /* HistoryViewController.h */,
				69C3CEB3141A7B6700549213 /* HistoryViewController.m */,
			);
			name = History;
			sourceTree = "<group>";
		};
		69C3CEBD141A7BA400549213 /* Add/Edit Loan */ = {
			isa = PBXGroup;
			children = (
				698EDBEA1426D4630028C16C /* Custom Text Field */,
				694A59F31426C0D5000B5190 /* Categories View */,
				6972F0B31426AE0E0047305C /* AbstractLoanViewController.h */,
				6972F0B41426AE0E0047305C /* AbstractLoanViewController.m */,
				69C3CEC8141A7EA600549213 /* AddLoanViewController.h */,
				69C3CEC9141A7EA600549213 /* AddLoanViewController.m */,
				698EDBE81426D0E30028C16C /* EditLoanViewControllerDelegate.h */,
				6972F0AF1426AB430047305C /* EditLoanViewController.h */,
				6972F0B01426AB430047305C /* EditLoanViewController.m */,
			);
			name = "Add/Edit Loan";
			sourceTree = "<group>";
		};
		69C3CEC1141A7BF600549213 /* Details */ = {
			isa = PBXGroup;
			children = (
				69C3CECB141A7EB400549213 /* DetailsViewController.h */,
				6971E50714E4622C00CBDEFC /* DetailsViewController.m */,
			);
			name = Details;
			sourceTree = "<group>";
		};
		69C3CED9141A880900549213 /* Resources */ = {
			isa = PBXGroup;
			children = (
				6971E51114E46AC500CBDEFC /* Localizable.strings */,
				69D3360D14414E6900CB4E25 /* Default */,
				69A9B26114311725006A0D3F /* App Icon */,
				69934745141C362C004DFEF1 /* Tab Bar */,
				69BA69BC141AD4C6008C4384 /* Categories */,
				69AC1164143E4A58001A0810 /* Add Loan */,
				69934769141C73E8004DFEF1 /* Friends */,
			);
			path = Resources;
			sourceTree = "<group>";
		};
		69C3CEDA141AB06800549213 /* Business Logic */ = {
			isa = PBXGroup;
			children = (
				69149CB91457834C00566FB2 /* Fetch Requests */,
				6971E4EB14E452EC00CBDEFC /* LoanManager */,
				69149CB814577EB700566FB2 /* Models */,
			);
			path = "Business Logic";
			sourceTree = "<group>";
		};
		69C3CEDB141AB07400549213 /* User Interface */ = {
			isa = PBXGroup;
			children = (
				6971E4F614E4570600CBDEFC /* FriendlyLoan.storyboard */,
				6914CC471440E00E0090FAA4 /* TabBarController.h */,
				6914CC481440E00E0090FAA4 /* TabBarController.m */,
				69C3CEBD141A7BA400549213 /* Add/Edit Loan */,
				69C3CEB1141A7B5000549213 /* Friends */,
				69C3CEB5141A7B6A00549213 /* History */,
				69C3CEC1141A7BF600549213 /* Details */,
			);
			path = "User Interface";
			sourceTree = "<group>";
		};
		69D3360D14414E6900CB4E25 /* Default */ = {
			isa = PBXGroup;
			children = (
				69D3360E14414E7800CB4E25 /* Default.png */,
				69D3360F14414E7800CB4E25 /* Default@2x.png */,
			);
			name = Default;
			sourceTree = "<group>";
		};
/* End PBXGroup section */

/* Begin PBXNativeTarget section */
		6941FF6D141A6D6B00FB3A24 /* FriendlyLoan */ = {
			isa = PBXNativeTarget;
			buildConfigurationList = 6941FFA1141A6D6B00FB3A24 /* Build configuration list for PBXNativeTarget "FriendlyLoan" */;
			buildPhases = (
				6941FF6A141A6D6B00FB3A24 /* Sources */,
				6941FF6B141A6D6B00FB3A24 /* Frameworks */,
				6941FF6C141A6D6B00FB3A24 /* Resources */,
			);
			buildRules = (
			);
			dependencies = (
			);
			name = FriendlyLoan;
			productName = FriendlyLoan;
			productReference = 6941FF6E141A6D6B00FB3A24 /* FriendlyLoan.app */;
			productType = "com.apple.product-type.application";
		};
		6941FF8D141A6D6B00FB3A24 /* FriendlyLoanTests */ = {
			isa = PBXNativeTarget;
			buildConfigurationList = 6941FFA4141A6D6B00FB3A24 /* Build configuration list for PBXNativeTarget "FriendlyLoanTests" */;
			buildPhases = (
				6941FF89141A6D6B00FB3A24 /* Sources */,
				6941FF8A141A6D6B00FB3A24 /* Frameworks */,
				6941FF8B141A6D6B00FB3A24 /* Resources */,
				6941FF8C141A6D6B00FB3A24 /* ShellScript */,
			);
			buildRules = (
			);
			dependencies = (
				6941FF95141A6D6B00FB3A24 /* PBXTargetDependency */,
			);
			name = FriendlyLoanTests;
			productName = FriendlyLoanTests;
			productReference = 6941FF8E141A6D6B00FB3A24 /* FriendlyLoanTests.octest */;
			productType = "com.apple.product-type.bundle";
		};
/* End PBXNativeTarget section */

/* Begin PBXProject section */
		6941FF65141A6D6B00FB3A24 /* Project object */ = {
			isa = PBXProject;
			attributes = {
				LastUpgradeCheck = 0420;
				ORGANIZATIONNAME = "Rasmussen I/O";
			};
			buildConfigurationList = 6941FF68141A6D6B00FB3A24 /* Build configuration list for PBXProject "FriendlyLoan" */;
			compatibilityVersion = "Xcode 3.2";
			developmentRegion = English;
			hasScannedForEncodings = 0;
			knownRegions = (
				en,
				nb,
				"nb-NO",
			);
			mainGroup = 6941FF63141A6D6B00FB3A24;
			productRefGroup = 6941FF6F141A6D6B00FB3A24 /* Products */;
			projectDirPath = "";
			projectRoot = "";
			targets = (
				6941FF6D141A6D6B00FB3A24 /* FriendlyLoan */,
				6941FF8D141A6D6B00FB3A24 /* FriendlyLoanTests */,
				690002DA14E4A6B200453B83 /* Localize Storyboard */,
			);
		};
/* End PBXProject section */

/* Begin PBXResourcesBuildPhase section */
		6941FF6C141A6D6B00FB3A24 /* Resources */ = {
			isa = PBXResourcesBuildPhase;
			buildActionMask = 2147483647;
			files = (
				6941FF7F141A6D6B00FB3A24 /* InfoPlist.strings in Resources */,
				6971E4F414E4570600CBDEFC /* FriendlyLoan.storyboard in Resources */,
				69934750141C3821004DFEF1 /* AddLoan.png in Resources */,
				69934757141C3A03004DFEF1 /* AddLoan@2x.png in Resources */,
				6993475A141C3F3B004DFEF1 /* Settings.png in Resources */,
				6993475B141C3F3B004DFEF1 /* Settings@2x.png in Resources */,
				69078BC714E476210080EC68 /* Categories.plist in Resources */,
				6940EEC81433CD81003361E6 /* Activities-Highlighted.png in Resources */,
				6940EEC91433CD81003361E6 /* Activities-Highlighted@2x.png in Resources */,
				6940EECA1433CD81003361E6 /* Activities-Normal.png in Resources */,
				6940EECB1433CD81003361E6 /* Activities-Normal@2x.png in Resources */,
				6940EED01433CD81003361E6 /* FoodDrinks-Highlighted.png in Resources */,
				6940EED11433CD81003361E6 /* FoodDrinks-Highlighted@2x.png in Resources */,
				6940EED21433CD81003361E6 /* FoodDrinks-Normal.png in Resources */,
				6940EED31433CD81003361E6 /* FoodDrinks-Normal@2x.png in Resources */,
				6940EED41433CD81003361E6 /* Shopping-Highlighted.png in Resources */,
				6940EED51433CD81003361E6 /* Shopping-Highlighted@2x.png in Resources */,
				6940EED61433CD81003361E6 /* Shopping-Normal.png in Resources */,
				6940EED71433CD81003361E6 /* Shopping-Normal@2x.png in Resources */,
				6940EEDC1433CD81003361E6 /* Payback-Highlighted.png in Resources */,
				6940EEDD1433CD81003361E6 /* Payback-Highlighted@2x.png in Resources */,
				6940EEDE1433CD81003361E6 /* Payback-Normal.png in Resources */,
				6940EEDF1433CD81003361E6 /* Payback-Normal@2x.png in Resources */,
				6940EEE41433CD81003361E6 /* Transport-Highlighted.png in Resources */,
				6940EEE51433CD81003361E6 /* Transport-Highlighted@2x.png in Resources */,
				6940EEE61433CD81003361E6 /* Transport-Normal.png in Resources */,
				6940EEE71433CD81003361E6 /* Transport-Normal@2x.png in Resources */,
				6940EEEA1433CD81003361E6 /* Travel-Highlighted.png in Resources */,
				6940EEEB1433CD81003361E6 /* Travel-Highlighted@2x.png in Resources */,
				6940EEEE1433CD81003361E6 /* Travel-Normal.png in Resources */,
				6940EEEF1433CD81003361E6 /* Travel-Normal@2x.png in Resources */,
				6940EEF01433CD81003361E6 /* Unknown-Highlighted.png in Resources */,
				6940EEF11433CD81003361E6 /* Unknown-Highlighted@2x.png in Resources */,
				6940EEF21433CD81003361E6 /* Unknown-Normal.png in Resources */,
				6940EEF31433CD81003361E6 /* Unknown-Normal@2x.png in Resources */,
				69872F82145238E400BA1FE6 /* RIORelativeDate.strings in Resources */,
				691292B8143E24700081DC09 /* KeyboardBackground-Highlighted.png in Resources */,
				691292B9143E24700081DC09 /* KeyboardBackground-Highlighted@2x.png in Resources */,
				691292BA143E24700081DC09 /* KeyboardBackground-Normal.png in Resources */,
				691292BB143E24700081DC09 /* KeyboardBackground-Normal@2x.png in Resources */,
				6914CC3E1440C2830090FAA4 /* MissingProfilePicture.png in Resources */,
				6914CC3F1440C2830090FAA4 /* MissingProfilePicture@2x.png in Resources */,
				69D3361014414E7800CB4E25 /* Default.png in Resources */,
				69D3361114414E7800CB4E25 /* Default@2x.png in Resources */,
				691B063014588E4A00BBD460 /* Friends.png in Resources */,
				691B063114588E4A00BBD460 /* Friends@2x.png in Resources */,
				69CF1A5014D3A6EF0053A0A8 /* Other-Normal.png in Resources */,
				69CF1A5114D3A6EF0053A0A8 /* Other-Highlighted.png in Resources */,
				69CF1A5214D3A6EF0053A0A8 /* Other-Normal@2x.png in Resources */,
				69CF1A5314D3A6EF0053A0A8 /* Other-Highlighted@2x.png in Resources */,
				6971E51314E46AC500CBDEFC /* Localizable.strings in Resources */,
				6971E52D14E4727100CBDEFC /* Categories.strings in Resources */,
				697271A014E5EAC90057F71E /* Icon-72.png in Resources */,
				697271A114E5EAC90057F71E /* Icon-Small-50.png in Resources */,
				697271A214E5EAC90057F71E /* Icon-Small.png in Resources */,
				697271A314E5EAC90057F71E /* Icon-Small@2x.png in Resources */,
				697271A414E5EAC90057F71E /* Icon.png in Resources */,
				697271A514E5EAC90057F71E /* Icon@2x.png in Resources */,
				697271A614E5EAC90057F71E /* iTunesArtwork.png in Resources */,
			);
			runOnlyForDeploymentPostprocessing = 0;
		};
		6941FF8B141A6D6B00FB3A24 /* Resources */ = {
			isa = PBXResourcesBuildPhase;
			buildActionMask = 2147483647;
			files = (
				6941FF9B141A6D6B00FB3A24 /* InfoPlist.strings in Resources */,
			);
			runOnlyForDeploymentPostprocessing = 0;
		};
/* End PBXResourcesBuildPhase section */

/* Begin PBXShellScriptBuildPhase section */
		690002DE14E4A6BB00453B83 /* ShellScript */ = {
			isa = PBXShellScriptBuildPhase;
			buildActionMask = 2147483647;
			files = (
			);
			inputPaths = (
			);
			outputPaths = (
			);
			runOnlyForDeploymentPostprocessing = 0;
			shellPath = /bin/sh;
			shellScript = "python /Users/skohorn/Downloads/localize.py --mainIdiom=en --mainStoryboard=FriendlyLoan/User\\ Interface/en.lproj/FriendlyLoan.storyboard nb";
		};
		6941FF8C141A6D6B00FB3A24 /* ShellScript */ = {
			isa = PBXShellScriptBuildPhase;
			buildActionMask = 2147483647;
			files = (
			);
			inputPaths = (
			);
			outputPaths = (
			);
			runOnlyForDeploymentPostprocessing = 0;
			shellPath = /bin/sh;
			shellScript = "# Run the unit tests in this test bundle.\n\"${SYSTEM_DEVELOPER_DIR}/Tools/RunUnitTests\"\n";
		};
/* End PBXShellScriptBuildPhase section */

/* Begin PBXSourcesBuildPhase section */
		6941FF6A141A6D6B00FB3A24 /* Sources */ = {
			isa = PBXSourcesBuildPhase;
			buildActionMask = 2147483647;
			files = (
				6941FF81141A6D6B00FB3A24 /* main.m in Sources */,
				6941FF85141A6D6B00FB3A24 /* AppDelegate.m in Sources */,
				69C3CEB0141A7B4C00549213 /* FriendsViewController.m in Sources */,
				69C3CEB4141A7B6700549213 /* HistoryViewController.m in Sources */,
				69C3CECA141A7EA600549213 /* AddLoanViewController.m in Sources */,
				6971E50614E4622C00CBDEFC /* DetailsViewController.m in Sources */,
				69BA69C1141ADC23008C4384 /* Transaction+Custom.m in Sources */,
				69BA69CA141AF5A2008C4384 /* AmountTextField.m in Sources */,
				69934740141C19F7004DFEF1 /* CategoriesViewController.m in Sources */,
				697D8C9F141D48E9007FAD86 /* FriendlyLoan.xcdatamodeld in Sources */,
				69204A78141FE9F600D6A075 /* NSDecimalNumber+RIOAdditions.m in Sources */,
				6972F0B11426AB430047305C /* EditLoanViewController.m in Sources */,
				6972F0B51426AE0E0047305C /* AbstractLoanViewController.m in Sources */,
				69A9B26514311F0D006A0D3F /* Category.m in Sources */,
				69A67F821433FC7600AAEC35 /* FriendsSearchResultsController.m in Sources */,
				693E5097143A1C7600F12459 /* RIORelativeDate.m in Sources */,
				693E509A143A1CFD00F12459 /* NSDate+RIORelativeDate.m in Sources */,
				69AC115D143E4806001A0810 /* Location+Custom.m in Sources */,
				69AC1174143E5009001A0810 /* Friend+Custom.m in Sources */,
				6914CC421440C4270090FAA4 /* UIImage+RIOAdditions.m in Sources */,
				6914CC451440D6C30090FAA4 /* RIOTimedLocationManager.m in Sources */,
				6914CC491440E00F0090FAA4 /* TabBarController.m in Sources */,
				69872F961452DD8E00BA1FE6 /* NSDate+RIOAdditions.m in Sources */,
				6967C4A514531FB500ADDEA1 /* NSCalendar+RIOAdditions.m in Sources */,
				69149CBC1457838E00566FB2 /* FetchedFriendsController.m in Sources */,
				69149CBF145783A600566FB2 /* FetchedHistoryController.m in Sources */,
				69515FEA14D39D4900C9569D /* Location.m in Sources */,
				69BA5DFC14E0920800021EAA /* Friend.m in Sources */,
				69BA5DFF14E0922500021EAA /* Transaction.m in Sources */,
				6971E4EF14E452FF00CBDEFC /* LoanManager.m in Sources */,
				690002D314E4952100453B83 /* TransactionsWaitingForLocationFetchRequest.m in Sources */,
			);
			runOnlyForDeploymentPostprocessing = 0;
		};
		6941FF89141A6D6B00FB3A24 /* Sources */ = {
			isa = PBXSourcesBuildPhase;
			buildActionMask = 2147483647;
			files = (
				6941FF9E141A6D6B00FB3A24 /* FriendlyLoanTests.m in Sources */,
			);
			runOnlyForDeploymentPostprocessing = 0;
		};
/* End PBXSourcesBuildPhase section */

/* Begin PBXTargetDependency section */
		690002E014E4A6F600453B83 /* PBXTargetDependency */ = {
			isa = PBXTargetDependency;
			target = 6941FF6D141A6D6B00FB3A24 /* FriendlyLoan */;
			targetProxy = 690002DF14E4A6F600453B83 /* PBXContainerItemProxy */;
		};
		6941FF95141A6D6B00FB3A24 /* PBXTargetDependency */ = {
			isa = PBXTargetDependency;
			target = 6941FF6D141A6D6B00FB3A24 /* FriendlyLoan */;
			targetProxy = 6941FF94141A6D6B00FB3A24 /* PBXContainerItemProxy */;
		};
/* End PBXTargetDependency section */

/* Begin PBXVariantGroup section */
		6941FF7D141A6D6B00FB3A24 /* InfoPlist.strings */ = {
			isa = PBXVariantGroup;
			children = (
				6941FF7E141A6D6B00FB3A24 /* en */,
			);
			name = InfoPlist.strings;
			sourceTree = "<group>";
		};
		6941FF99141A6D6B00FB3A24 /* InfoPlist.strings */ = {
			isa = PBXVariantGroup;
			children = (
				6941FF9A141A6D6B00FB3A24 /* en */,
			);
			name = InfoPlist.strings;
			sourceTree = "<group>";
		};
		6971E4F614E4570600CBDEFC /* FriendlyLoan.storyboard */ = {
			isa = PBXVariantGroup;
			children = (
				6971E4F514E4570600CBDEFC /* en */,
				6971E51614E46D7400CBDEFC /* nb */,
			);
			name = FriendlyLoan.storyboard;
			sourceTree = "<group>";
		};
		6971E50414E4611D00CBDEFC /* RIORelativeDate.h */ = {
			isa = PBXVariantGroup;
			children = (
				6971E50314E4611D00CBDEFC /* en */,
			);
			name = RIORelativeDate.h;
			sourceTree = "<group>";
		};
		6971E51114E46AC500CBDEFC /* Localizable.strings */ = {
			isa = PBXVariantGroup;
			children = (
				6971E51214E46AC500CBDEFC /* en */,
				6971E51414E46AD700CBDEFC /* nb */,
			);
			name = Localizable.strings;
			sourceTree = "<group>";
		};
		6971E52F14E4727100CBDEFC /* Categories.strings */ = {
			isa = PBXVariantGroup;
			children = (
				6971E52E14E4727100CBDEFC /* en */,
				6971E53014E4727600CBDEFC /* nb */,
			);
			name = Categories.strings;
			sourceTree = "<group>";
		};
		69872F84145238E400BA1FE6 /* RIORelativeDate.strings */ = {
			isa = PBXVariantGroup;
			children = (
				69872F83145238E400BA1FE6 /* en */,
				6967C4A2145300AF00ADDEA1 /* nb */,
			);
			name = RIORelativeDate.strings;
			sourceTree = "<group>";
		};
/* End PBXVariantGroup section */

/* Begin XCBuildConfiguration section */
		690002DC14E4A6B200453B83 /* Debug */ = {
			isa = XCBuildConfiguration;
			buildSettings = {
				PRODUCT_NAME = "$(TARGET_NAME)";
			};
			name = Debug;
		};
		690002DD14E4A6B200453B83 /* Release */ = {
			isa = XCBuildConfiguration;
			buildSettings = {
				PRODUCT_NAME = "$(TARGET_NAME)";
			};
			name = Release;
		};
		6941FF9F141A6D6B00FB3A24 /* Debug */ = {
			isa = XCBuildConfiguration;
			buildSettings = {
				ALWAYS_SEARCH_USER_PATHS = NO;
				ARCHS = "$(ARCHS_STANDARD_32_BIT)";
				CLANG_ENABLE_OBJC_ARC = YES;
				"CODE_SIGN_IDENTITY[sdk=iphoneos*]" = "iPhone Developer";
				COPY_PHASE_STRIP = NO;
				GCC_C_LANGUAGE_STANDARD = gnu99;
				GCC_DYNAMIC_NO_PIC = NO;
				GCC_OPTIMIZATION_LEVEL = 0;
				GCC_PREPROCESSOR_DEFINITIONS = (
					"DEBUG=1",
					"$(inherited)",
				);
				GCC_SYMBOLS_PRIVATE_EXTERN = NO;
				GCC_VERSION = com.apple.compilers.llvm.clang.1_0;
				GCC_WARN_ABOUT_MISSING_PROTOTYPES = YES;
				GCC_WARN_ABOUT_RETURN_TYPE = YES;
				GCC_WARN_UNUSED_VARIABLE = YES;
				IPHONEOS_DEPLOYMENT_TARGET = 5.0;
				"PROVISIONING_PROFILE[sdk=iphoneos*]" = "";
				SDKROOT = iphoneos;
			};
			name = Debug;
		};
		6941FFA0141A6D6B00FB3A24 /* Release */ = {
			isa = XCBuildConfiguration;
			buildSettings = {
				ALWAYS_SEARCH_USER_PATHS = NO;
				ARCHS = "$(ARCHS_STANDARD_32_BIT)";
				CLANG_ENABLE_OBJC_ARC = YES;
				"CODE_SIGN_IDENTITY[sdk=iphoneos*]" = "iPhone Distribution";
				COPY_PHASE_STRIP = YES;
				GCC_C_LANGUAGE_STANDARD = gnu99;
				GCC_VERSION = com.apple.compilers.llvm.clang.1_0;
				GCC_WARN_ABOUT_MISSING_PROTOTYPES = YES;
				GCC_WARN_ABOUT_RETURN_TYPE = YES;
				GCC_WARN_UNUSED_VARIABLE = YES;
				IPHONEOS_DEPLOYMENT_TARGET = 5.0;
				OTHER_CFLAGS = "-DNS_BLOCK_ASSERTIONS=1";
				"PROVISIONING_PROFILE[sdk=iphoneos*]" = "";
				SDKROOT = iphoneos;
				VALIDATE_PRODUCT = YES;
			};
			name = Release;
		};
		6941FFA2141A6D6B00FB3A24 /* Debug */ = {
			isa = XCBuildConfiguration;
			buildSettings = {
				GCC_PRECOMPILE_PREFIX_HEADER = YES;
				GCC_PREFIX_HEADER = "FriendlyLoan/FriendlyLoan-Prefix.pch";
				INFOPLIST_FILE = "FriendlyLoan/FriendlyLoan-Info.plist";
				LIBRARY_SEARCH_PATHS = "$(inherited)";
				PRODUCT_NAME = "$(TARGET_NAME)";
				WRAPPER_EXTENSION = app;
			};
			name = Debug;
		};
		6941FFA3141A6D6B00FB3A24 /* Release */ = {
			isa = XCBuildConfiguration;
			buildSettings = {
				GCC_PRECOMPILE_PREFIX_HEADER = YES;
				GCC_PREFIX_HEADER = "FriendlyLoan/FriendlyLoan-Prefix.pch";
				INFOPLIST_FILE = "FriendlyLoan/FriendlyLoan-Info.plist";
				LIBRARY_SEARCH_PATHS = "$(inherited)";
				PRODUCT_NAME = "$(TARGET_NAME)";
				WRAPPER_EXTENSION = app;
			};
			name = Release;
		};
		6941FFA5141A6D6B00FB3A24 /* Debug */ = {
			isa = XCBuildConfiguration;
			buildSettings = {
				BUNDLE_LOADER = "$(BUILT_PRODUCTS_DIR)/FriendlyLoan.app/FriendlyLoan";
				FRAMEWORK_SEARCH_PATHS = (
					"$(SDKROOT)/Developer/Library/Frameworks",
					"$(DEVELOPER_LIBRARY_DIR)/Frameworks",
				);
				GCC_PRECOMPILE_PREFIX_HEADER = YES;
				GCC_PREFIX_HEADER = "FriendlyLoan/FriendlyLoan-Prefix.pch";
				INFOPLIST_FILE = "FriendlyLoanTests/FriendlyLoanTests-Info.plist";
				PRODUCT_NAME = "$(TARGET_NAME)";
				TEST_HOST = "$(BUNDLE_LOADER)";
				WRAPPER_EXTENSION = octest;
			};
			name = Debug;
		};
		6941FFA6141A6D6B00FB3A24 /* Release */ = {
			isa = XCBuildConfiguration;
			buildSettings = {
				BUNDLE_LOADER = "$(BUILT_PRODUCTS_DIR)/FriendlyLoan.app/FriendlyLoan";
				FRAMEWORK_SEARCH_PATHS = (
					"$(SDKROOT)/Developer/Library/Frameworks",
					"$(DEVELOPER_LIBRARY_DIR)/Frameworks",
				);
				GCC_PRECOMPILE_PREFIX_HEADER = YES;
				GCC_PREFIX_HEADER = "FriendlyLoan/FriendlyLoan-Prefix.pch";
				INFOPLIST_FILE = "FriendlyLoanTests/FriendlyLoanTests-Info.plist";
				PRODUCT_NAME = "$(TARGET_NAME)";
				TEST_HOST = "$(BUNDLE_LOADER)";
				WRAPPER_EXTENSION = octest;
			};
			name = Release;
		};
/* End XCBuildConfiguration section */

/* Begin XCConfigurationList section */
		690002DB14E4A6B200453B83 /* Build configuration list for PBXAggregateTarget "Localize Storyboard" */ = {
			isa = XCConfigurationList;
			buildConfigurations = (
				690002DC14E4A6B200453B83 /* Debug */,
				690002DD14E4A6B200453B83 /* Release */,
			);
			defaultConfigurationIsVisible = 0;
			defaultConfigurationName = Release;
		};
		6941FF68141A6D6B00FB3A24 /* Build configuration list for PBXProject "FriendlyLoan" */ = {
			isa = XCConfigurationList;
			buildConfigurations = (
				6941FF9F141A6D6B00FB3A24 /* Debug */,
				6941FFA0141A6D6B00FB3A24 /* Release */,
			);
			defaultConfigurationIsVisible = 0;
			defaultConfigurationName = Release;
		};
		6941FFA1141A6D6B00FB3A24 /* Build configuration list for PBXNativeTarget "FriendlyLoan" */ = {
			isa = XCConfigurationList;
			buildConfigurations = (
				6941FFA2141A6D6B00FB3A24 /* Debug */,
				6941FFA3141A6D6B00FB3A24 /* Release */,
			);
			defaultConfigurationIsVisible = 0;
			defaultConfigurationName = Release;
		};
		6941FFA4141A6D6B00FB3A24 /* Build configuration list for PBXNativeTarget "FriendlyLoanTests" */ = {
			isa = XCConfigurationList;
			buildConfigurations = (
				6941FFA5141A6D6B00FB3A24 /* Debug */,
				6941FFA6141A6D6B00FB3A24 /* Release */,
			);
			defaultConfigurationIsVisible = 0;
			defaultConfigurationName = Release;
		};
/* End XCConfigurationList section */

/* Begin XCVersionGroup section */
		697D8C9D141D48E9007FAD86 /* FriendlyLoan.xcdatamodeld */ = {
			isa = XCVersionGroup;
			children = (
				69BA5DF914E0865200021EAA /* FriendlyLoan 2.xcdatamodel */,
				697D8C9E141D48E9007FAD86 /* FriendlyLoan.xcdatamodel */,
			);
			currentVersion = 69BA5DF914E0865200021EAA /* FriendlyLoan 2.xcdatamodel */;
			path = FriendlyLoan.xcdatamodeld;
			sourceTree = "<group>";
			versionGroupType = wrapper.xcdatamodel;
		};
/* End XCVersionGroup section */
	};
	rootObject = 6941FF65141A6D6B00FB3A24 /* Project object */;
}
