// !$*UTF8*$!
{
	archiveVersion = 1;
	classes = {
	};
	objectVersion = 46;
	objects = {

/* Begin PBXBuildFile section */
		6941FF73141A6D6B00FB3A24 /* UIKit.framework in Frameworks */ = {isa = PBXBuildFile; fileRef = 6941FF72141A6D6B00FB3A24 /* UIKit.framework */; };
		6941FF75141A6D6B00FB3A24 /* Foundation.framework in Frameworks */ = {isa = PBXBuildFile; fileRef = 6941FF74141A6D6B00FB3A24 /* Foundation.framework */; };
		6941FF77141A6D6B00FB3A24 /* CoreGraphics.framework in Frameworks */ = {isa = PBXBuildFile; fileRef = 6941FF76141A6D6B00FB3A24 /* CoreGraphics.framework */; };
		6941FF79141A6D6B00FB3A24 /* CoreData.framework in Frameworks */ = {isa = PBXBuildFile; fileRef = 6941FF78141A6D6B00FB3A24 /* CoreData.framework */; };
		6941FF7F141A6D6B00FB3A24 /* InfoPlist.strings in Resources */ = {isa = PBXBuildFile; fileRef = 6941FF7D141A6D6B00FB3A24 /* InfoPlist.strings */; };
		6941FF81141A6D6B00FB3A24 /* main.m in Sources */ = {isa = PBXBuildFile; fileRef = 6941FF80141A6D6B00FB3A24 /* main.m */; };
		6941FF85141A6D6B00FB3A24 /* AppDelegate.m in Sources */ = {isa = PBXBuildFile; fileRef = 6941FF84141A6D6B00FB3A24 /* AppDelegate.m */; };
		6941FF88141A6D6B00FB3A24 /* FriendlyLoan.xcdatamodeld in Sources */ = {isa = PBXBuildFile; fileRef = 6941FF86141A6D6B00FB3A24 /* FriendlyLoan.xcdatamodeld */; };
		6941FF90141A6D6B00FB3A24 /* SenTestingKit.framework in Frameworks */ = {isa = PBXBuildFile; fileRef = 6941FF8F141A6D6B00FB3A24 /* SenTestingKit.framework */; };
		6941FF91141A6D6B00FB3A24 /* UIKit.framework in Frameworks */ = {isa = PBXBuildFile; fileRef = 6941FF72141A6D6B00FB3A24 /* UIKit.framework */; };
		6941FF92141A6D6B00FB3A24 /* Foundation.framework in Frameworks */ = {isa = PBXBuildFile; fileRef = 6941FF74141A6D6B00FB3A24 /* Foundation.framework */; };
		6941FF93141A6D6B00FB3A24 /* CoreData.framework in Frameworks */ = {isa = PBXBuildFile; fileRef = 6941FF78141A6D6B00FB3A24 /* CoreData.framework */; };
		6941FF9B141A6D6B00FB3A24 /* InfoPlist.strings in Resources */ = {isa = PBXBuildFile; fileRef = 6941FF99141A6D6B00FB3A24 /* InfoPlist.strings */; };
		6941FF9E141A6D6B00FB3A24 /* FriendlyLoanTests.m in Sources */ = {isa = PBXBuildFile; fileRef = 6941FF9D141A6D6B00FB3A24 /* FriendlyLoanTests.m */; };
		6941FFA8141A6DAC00FB3A24 /* FriendlyLoan.storyboard in Resources */ = {isa = PBXBuildFile; fileRef = 6941FFA7141A6DAC00FB3A24 /* FriendlyLoan.storyboard */; };
		69934737141BDCBB004DFEF1 /* AddressBookUI.framework in Frameworks */ = {isa = PBXBuildFile; fileRef = 69934734141BDCA6004DFEF1 /* AddressBookUI.framework */; };
		69934739141BDD88004DFEF1 /* AddressBook.framework in Frameworks */ = {isa = PBXBuildFile; fileRef = 69934738141BDD88004DFEF1 /* AddressBook.framework */; };
		6993473D141C0050004DFEF1 /* Transaction.m in Sources */ = {isa = PBXBuildFile; fileRef = 6993473C141C0050004DFEF1 /* Transaction.m */; };
		69934740141C19F7004DFEF1 /* CategoriesViewController.m in Sources */ = {isa = PBXBuildFile; fileRef = 6993473F141C19F7004DFEF1 /* CategoriesViewController.m */; };
		69BA69BE141AD4E3008C4384 /* Categories.plist in Resources */ = {isa = PBXBuildFile; fileRef = 69BA69BD141AD4E3008C4384 /* Categories.plist */; };
		69BA69C1141ADC23008C4384 /* Transaction+Custom.m in Sources */ = {isa = PBXBuildFile; fileRef = 69BA69C0141ADC23008C4384 /* Transaction+Custom.m */; };
		69BA69CA141AF5A2008C4384 /* AmountTextField.m in Sources */ = {isa = PBXBuildFile; fileRef = 69BA69C9141AF5A1008C4384 /* AmountTextField.m */; };
		69C3CEB0141A7B4C00549213 /* SummaryViewController.m in Sources */ = {isa = PBXBuildFile; fileRef = 69C3CEAF141A7B4C00549213 /* SummaryViewController.m */; };
		69C3CEB4141A7B6700549213 /* HistoryViewController.m in Sources */ = {isa = PBXBuildFile; fileRef = 69C3CEB3141A7B6700549213 /* HistoryViewController.m */; };
		69C3CEB8141A7B8800549213 /* SettingsViewController.m in Sources */ = {isa = PBXBuildFile; fileRef = 69C3CEB7141A7B8800549213 /* SettingsViewController.m */; };
		69C3CECA141A7EA600549213 /* AddLoanViewController.m in Sources */ = {isa = PBXBuildFile; fileRef = 69C3CEC9141A7EA600549213 /* AddLoanViewController.m */; };
		69C3CECD141A7EB400549213 /* TransactionDetailsViewController.m in Sources */ = {isa = PBXBuildFile; fileRef = 69C3CECC141A7EB400549213 /* TransactionDetailsViewController.m */; };
		69C3CED0141A812B00549213 /* Pig.png in Resources */ = {isa = PBXBuildFile; fileRef = 69C3CECE141A812B00549213 /* Pig.png */; };
		69C3CED1141A812B00549213 /* Pig@2x.png in Resources */ = {isa = PBXBuildFile; fileRef = 69C3CECF141A812B00549213 /* Pig@2x.png */; };
/* End PBXBuildFile section */

/* Begin PBXContainerItemProxy section */
		6941FF94141A6D6B00FB3A24 /* PBXContainerItemProxy */ = {
			isa = PBXContainerItemProxy;
			containerPortal = 6941FF65141A6D6B00FB3A24 /* Project object */;
			proxyType = 1;
			remoteGlobalIDString = 6941FF6D141A6D6B00FB3A24;
			remoteInfo = FriendlyLoan;
		};
/* End PBXContainerItemProxy section */

/* Begin PBXFileReference section */
		6941FF6E141A6D6B00FB3A24 /* FriendlyLoan.app */ = {isa = PBXFileReference; explicitFileType = wrapper.application; includeInIndex = 0; path = FriendlyLoan.app; sourceTree = BUILT_PRODUCTS_DIR; };
		6941FF72141A6D6B00FB3A24 /* UIKit.framework */ = {isa = PBXFileReference; lastKnownFileType = wrapper.framework; name = UIKit.framework; path = System/Library/Frameworks/UIKit.framework; sourceTree = SDKROOT; };
		6941FF74141A6D6B00FB3A24 /* Foundation.framework */ = {isa = PBXFileReference; lastKnownFileType = wrapper.framework; name = Foundation.framework; path = System/Library/Frameworks/Foundation.framework; sourceTree = SDKROOT; };
		6941FF76141A6D6B00FB3A24 /* CoreGraphics.framework */ = {isa = PBXFileReference; lastKnownFileType = wrapper.framework; name = CoreGraphics.framework; path = System/Library/Frameworks/CoreGraphics.framework; sourceTree = SDKROOT; };
		6941FF78141A6D6B00FB3A24 /* CoreData.framework */ = {isa = PBXFileReference; lastKnownFileType = wrapper.framework; name = CoreData.framework; path = System/Library/Frameworks/CoreData.framework; sourceTree = SDKROOT; };
		6941FF7C141A6D6B00FB3A24 /* FriendlyLoan-Info.plist */ = {isa = PBXFileReference; lastKnownFileType = text.plist.xml; path = "FriendlyLoan-Info.plist"; sourceTree = "<group>"; };
		6941FF7E141A6D6B00FB3A24 /* en */ = {isa = PBXFileReference; lastKnownFileType = text.plist.strings; name = en; path = en.lproj/InfoPlist.strings; sourceTree = "<group>"; };
		6941FF80141A6D6B00FB3A24 /* main.m */ = {isa = PBXFileReference; lastKnownFileType = sourcecode.c.objc; path = main.m; sourceTree = "<group>"; };
		6941FF82141A6D6B00FB3A24 /* FriendlyLoan-Prefix.pch */ = {isa = PBXFileReference; lastKnownFileType = sourcecode.c.h; path = "FriendlyLoan-Prefix.pch"; sourceTree = "<group>"; };
		6941FF83141A6D6B00FB3A24 /* AppDelegate.h */ = {isa = PBXFileReference; lastKnownFileType = sourcecode.c.h; path = AppDelegate.h; sourceTree = "<group>"; };
		6941FF84141A6D6B00FB3A24 /* AppDelegate.m */ = {isa = PBXFileReference; lastKnownFileType = sourcecode.c.objc; path = AppDelegate.m; sourceTree = "<group>"; };
		6941FF87141A6D6B00FB3A24 /* FriendlyLoan.xcdatamodel */ = {isa = PBXFileReference; lastKnownFileType = wrapper.xcdatamodel; path = FriendlyLoan.xcdatamodel; sourceTree = "<group>"; };
		6941FF8E141A6D6B00FB3A24 /* FriendlyLoanTests.octest */ = {isa = PBXFileReference; explicitFileType = wrapper.cfbundle; includeInIndex = 0; path = FriendlyLoanTests.octest; sourceTree = BUILT_PRODUCTS_DIR; };
		6941FF8F141A6D6B00FB3A24 /* SenTestingKit.framework */ = {isa = PBXFileReference; lastKnownFileType = wrapper.framework; name = SenTestingKit.framework; path = Library/Frameworks/SenTestingKit.framework; sourceTree = DEVELOPER_DIR; };
		6941FF98141A6D6B00FB3A24 /* FriendlyLoanTests-Info.plist */ = {isa = PBXFileReference; lastKnownFileType = text.plist.xml; path = "FriendlyLoanTests-Info.plist"; sourceTree = "<group>"; };
		6941FF9A141A6D6B00FB3A24 /* en */ = {isa = PBXFileReference; lastKnownFileType = text.plist.strings; name = en; path = en.lproj/InfoPlist.strings; sourceTree = "<group>"; };
		6941FF9C141A6D6B00FB3A24 /* FriendlyLoanTests.h */ = {isa = PBXFileReference; lastKnownFileType = sourcecode.c.h; path = FriendlyLoanTests.h; sourceTree = "<group>"; };
		6941FF9D141A6D6B00FB3A24 /* FriendlyLoanTests.m */ = {isa = PBXFileReference; lastKnownFileType = sourcecode.c.objc; path = FriendlyLoanTests.m; sourceTree = "<group>"; };
		6941FFA7141A6DAC00FB3A24 /* FriendlyLoan.storyboard */ = {isa = PBXFileReference; fileEncoding = 4; lastKnownFileType = file.storyboard; path = FriendlyLoan.storyboard; sourceTree = "<group>"; };
		69934734141BDCA6004DFEF1 /* AddressBookUI.framework */ = {isa = PBXFileReference; lastKnownFileType = wrapper.framework; name = AddressBookUI.framework; path = System/Library/Frameworks/AddressBookUI.framework; sourceTree = SDKROOT; };
		69934738141BDD88004DFEF1 /* AddressBook.framework */ = {isa = PBXFileReference; lastKnownFileType = wrapper.framework; name = AddressBook.framework; path = System/Library/Frameworks/AddressBook.framework; sourceTree = SDKROOT; };
		6993473B141C0050004DFEF1 /* Transaction.h */ = {isa = PBXFileReference; fileEncoding = 4; lastKnownFileType = sourcecode.c.h; path = Transaction.h; sourceTree = "<group>"; };
		6993473C141C0050004DFEF1 /* Transaction.m */ = {isa = PBXFileReference; fileEncoding = 4; lastKnownFileType = sourcecode.c.objc; path = Transaction.m; sourceTree = "<group>"; };
		6993473E141C19F7004DFEF1 /* CategoriesViewController.h */ = {isa = PBXFileReference; fileEncoding = 4; lastKnownFileType = sourcecode.c.h; path = CategoriesViewController.h; sourceTree = "<group>"; };
		6993473F141C19F7004DFEF1 /* CategoriesViewController.m */ = {isa = PBXFileReference; fileEncoding = 4; lastKnownFileType = sourcecode.c.objc; path = CategoriesViewController.m; sourceTree = "<group>"; };
		69BA69BD141AD4E3008C4384 /* Categories.plist */ = {isa = PBXFileReference; fileEncoding = 4; lastKnownFileType = text.plist.xml; path = Categories.plist; sourceTree = "<group>"; };
		69BA69BF141ADC23008C4384 /* Transaction+Custom.h */ = {isa = PBXFileReference; fileEncoding = 4; lastKnownFileType = sourcecode.c.h; path = "Transaction+Custom.h"; sourceTree = "<group>"; };
		69BA69C0141ADC23008C4384 /* Transaction+Custom.m */ = {isa = PBXFileReference; fileEncoding = 4; lastKnownFileType = sourcecode.c.objc; path = "Transaction+Custom.m"; sourceTree = "<group>"; };
		69BA69C8141AF5A1008C4384 /* AmountTextField.h */ = {isa = PBXFileReference; fileEncoding = 4; lastKnownFileType = sourcecode.c.h; path = AmountTextField.h; sourceTree = "<group>"; };
		69BA69C9141AF5A1008C4384 /* AmountTextField.m */ = {isa = PBXFileReference; fileEncoding = 4; lastKnownFileType = sourcecode.c.objc; path = AmountTextField.m; sourceTree = "<group>"; };
		69C3CEAE141A7B4C00549213 /* SummaryViewController.h */ = {isa = PBXFileReference; fileEncoding = 4; lastKnownFileType = sourcecode.c.h; path = SummaryViewController.h; sourceTree = "<group>"; };
		69C3CEAF141A7B4C00549213 /* SummaryViewController.m */ = {isa = PBXFileReference; fileEncoding = 4; lastKnownFileType = sourcecode.c.objc; path = SummaryViewController.m; sourceTree = "<group>"; };
		69C3CEB2141A7B6700549213 /* HistoryViewController.h */ = {isa = PBXFileReference; fileEncoding = 4; lastKnownFileType = sourcecode.c.h; path = HistoryViewController.h; sourceTree = "<group>"; };
		69C3CEB3141A7B6700549213 /* HistoryViewController.m */ = {isa = PBXFileReference; fileEncoding = 4; lastKnownFileType = sourcecode.c.objc; path = HistoryViewController.m; sourceTree = "<group>"; };
		69C3CEB6141A7B8800549213 /* SettingsViewController.h */ = {isa = PBXFileReference; fileEncoding = 4; lastKnownFileType = sourcecode.c.h; path = SettingsViewController.h; sourceTree = "<group>"; };
		69C3CEB7141A7B8800549213 /* SettingsViewController.m */ = {isa = PBXFileReference; fileEncoding = 4; lastKnownFileType = sourcecode.c.objc; path = SettingsViewController.m; sourceTree = "<group>"; };
		69C3CEC8141A7EA600549213 /* AddLoanViewController.h */ = {isa = PBXFileReference; fileEncoding = 4; lastKnownFileType = sourcecode.c.h; path = AddLoanViewController.h; sourceTree = "<group>"; };
		69C3CEC9141A7EA600549213 /* AddLoanViewController.m */ = {isa = PBXFileReference; fileEncoding = 4; lastKnownFileType = sourcecode.c.objc; path = AddLoanViewController.m; sourceTree = "<group>"; };
		69C3CECB141A7EB400549213 /* TransactionDetailsViewController.h */ = {isa = PBXFileReference; fileEncoding = 4; lastKnownFileType = sourcecode.c.h; path = TransactionDetailsViewController.h; sourceTree = "<group>"; };
		69C3CECC141A7EB400549213 /* TransactionDetailsViewController.m */ = {isa = PBXFileReference; fileEncoding = 4; lastKnownFileType = sourcecode.c.objc; path = TransactionDetailsViewController.m; sourceTree = "<group>"; };
		69C3CECE141A812B00549213 /* Pig.png */ = {isa = PBXFileReference; lastKnownFileType = image.png; path = Pig.png; sourceTree = "<group>"; };
		69C3CECF141A812B00549213 /* Pig@2x.png */ = {isa = PBXFileReference; lastKnownFileType = image.png; path = "Pig@2x.png"; sourceTree = "<group>"; };
/* End PBXFileReference section */

/* Begin PBXFrameworksBuildPhase section */
		6941FF6B141A6D6B00FB3A24 /* Frameworks */ = {
			isa = PBXFrameworksBuildPhase;
			buildActionMask = 2147483647;
			files = (
				6941FF73141A6D6B00FB3A24 /* UIKit.framework in Frameworks */,
				6941FF75141A6D6B00FB3A24 /* Foundation.framework in Frameworks */,
				6941FF77141A6D6B00FB3A24 /* CoreGraphics.framework in Frameworks */,
				6941FF79141A6D6B00FB3A24 /* CoreData.framework in Frameworks */,
				69934739141BDD88004DFEF1 /* AddressBook.framework in Frameworks */,
				69934737141BDCBB004DFEF1 /* AddressBookUI.framework in Frameworks */,
			);
			runOnlyForDeploymentPostprocessing = 0;
		};
		6941FF8A141A6D6B00FB3A24 /* Frameworks */ = {
			isa = PBXFrameworksBuildPhase;
			buildActionMask = 2147483647;
			files = (
				6941FF90141A6D6B00FB3A24 /* SenTestingKit.framework in Frameworks */,
				6941FF91141A6D6B00FB3A24 /* UIKit.framework in Frameworks */,
				6941FF92141A6D6B00FB3A24 /* Foundation.framework in Frameworks */,
				6941FF93141A6D6B00FB3A24 /* CoreData.framework in Frameworks */,
			);
			runOnlyForDeploymentPostprocessing = 0;
		};
/* End PBXFrameworksBuildPhase section */

/* Begin PBXGroup section */
		6941FF63141A6D6B00FB3A24 = {
			isa = PBXGroup;
			children = (
				6941FF7A141A6D6B00FB3A24 /* FriendlyLoan */,
				6941FF96141A6D6B00FB3A24 /* FriendlyLoanTests */,
				6941FF71141A6D6B00FB3A24 /* Frameworks */,
				6941FF6F141A6D6B00FB3A24 /* Products */,
			);
			sourceTree = "<group>";
		};
		6941FF6F141A6D6B00FB3A24 /* Products */ = {
			isa = PBXGroup;
			children = (
				6941FF6E141A6D6B00FB3A24 /* FriendlyLoan.app */,
				6941FF8E141A6D6B00FB3A24 /* FriendlyLoanTests.octest */,
			);
			name = Products;
			sourceTree = "<group>";
		};
		6941FF71141A6D6B00FB3A24 /* Frameworks */ = {
			isa = PBXGroup;
			children = (
				6941FF72141A6D6B00FB3A24 /* UIKit.framework */,
				6941FF74141A6D6B00FB3A24 /* Foundation.framework */,
				6941FF76141A6D6B00FB3A24 /* CoreGraphics.framework */,
				6941FF78141A6D6B00FB3A24 /* CoreData.framework */,
				69934738141BDD88004DFEF1 /* AddressBook.framework */,
				69934734141BDCA6004DFEF1 /* AddressBookUI.framework */,
				6941FF8F141A6D6B00FB3A24 /* SenTestingKit.framework */,
			);
			name = Frameworks;
			sourceTree = "<group>";
		};
		6941FF7A141A6D6B00FB3A24 /* FriendlyLoan */ = {
			isa = PBXGroup;
			children = (
				6941FF83141A6D6B00FB3A24 /* AppDelegate.h */,
				6941FF84141A6D6B00FB3A24 /* AppDelegate.m */,
				69C3CEDB141AB07400549213 /* User Interface */,
				69C3CEDA141AB06800549213 /* Models */,
				69C3CED9141A880900549213 /* Resources */,
				6941FF7B141A6D6B00FB3A24 /* Supporting Files */,
			);
			path = FriendlyLoan;
			sourceTree = "<group>";
		};
		6941FF7B141A6D6B00FB3A24 /* Supporting Files */ = {
			isa = PBXGroup;
			children = (
				6941FF7C141A6D6B00FB3A24 /* FriendlyLoan-Info.plist */,
				6941FF7D141A6D6B00FB3A24 /* InfoPlist.strings */,
				6941FF80141A6D6B00FB3A24 /* main.m */,
				6941FF82141A6D6B00FB3A24 /* FriendlyLoan-Prefix.pch */,
			);
			name = "Supporting Files";
			sourceTree = "<group>";
		};
		6941FF96141A6D6B00FB3A24 /* FriendlyLoanTests */ = {
			isa = PBXGroup;
			children = (
				6941FF9C141A6D6B00FB3A24 /* FriendlyLoanTests.h */,
				6941FF9D141A6D6B00FB3A24 /* FriendlyLoanTests.m */,
				6941FF97141A6D6B00FB3A24 /* Supporting Files */,
			);
			path = FriendlyLoanTests;
			sourceTree = "<group>";
		};
		6941FF97141A6D6B00FB3A24 /* Supporting Files */ = {
			isa = PBXGroup;
			children = (
				6941FF98141A6D6B00FB3A24 /* FriendlyLoanTests-Info.plist */,
				6941FF99141A6D6B00FB3A24 /* InfoPlist.strings */,
			);
			name = "Supporting Files";
			sourceTree = "<group>";
		};
		69BA69BC141AD4C6008C4384 /* Categories */ = {
			isa = PBXGroup;
			children = (
				69BA69BD141AD4E3008C4384 /* Categories.plist */,
				69C3CECE141A812B00549213 /* Pig.png */,
				69C3CECF141A812B00549213 /* Pig@2x.png */,
			);
			name = Categories;
			sourceTree = "<group>";
		};
		69BA69C6141AE927008C4384 /* Generated Classes */ = {
			isa = PBXGroup;
			children = (
				6993473B141C0050004DFEF1 /* Transaction.h */,
				6993473C141C0050004DFEF1 /* Transaction.m */,
			);
			name = "Generated Classes";
			sourceTree = "<group>";
		};
		69BA69C7141AE941008C4384 /* Custom Classes */ = {
			isa = PBXGroup;
			children = (
				69BA69BF141ADC23008C4384 /* Transaction+Custom.h */,
				69BA69C0141ADC23008C4384 /* Transaction+Custom.m */,
			);
			name = "Custom Classes";
			sourceTree = "<group>";
		};
		69C3CEB1141A7B5000549213 /* Summary */ = {
			isa = PBXGroup;
			children = (
				69C3CEAE141A7B4C00549213 /* SummaryViewController.h */,
				69C3CEAF141A7B4C00549213 /* SummaryViewController.m */,
			);
			name = Summary;
			sourceTree = "<group>";
		};
		69C3CEB5141A7B6A00549213 /* History */ = {
			isa = PBXGroup;
			children = (
				69C3CEB2141A7B6700549213 /* HistoryViewController.h */,
				69C3CEB3141A7B6700549213 /* HistoryViewController.m */,
			);
			name = History;
			sourceTree = "<group>";
		};
		69C3CEB9141A7B8C00549213 /* Settings */ = {
			isa = PBXGroup;
			children = (
				69C3CEB6141A7B8800549213 /* SettingsViewController.h */,
				69C3CEB7141A7B8800549213 /* SettingsViewController.m */,
			);
			name = Settings;
			sourceTree = "<group>";
		};
		69C3CEBD141A7BA400549213 /* Add Loan */ = {
			isa = PBXGroup;
			children = (
				69C3CEC8141A7EA600549213 /* AddLoanViewController.h */,
				69C3CEC9141A7EA600549213 /* AddLoanViewController.m */,
				69BA69C8141AF5A1008C4384 /* AmountTextField.h */,
				69BA69C9141AF5A1008C4384 /* AmountTextField.m */,
				6993473E141C19F7004DFEF1 /* CategoriesViewController.h */,
				6993473F141C19F7004DFEF1 /* CategoriesViewController.m */,
			);
			name = "Add Loan";
			sourceTree = "<group>";
		};
		69C3CEC1141A7BF600549213 /* Details */ = {
			isa = PBXGroup;
			children = (
				69C3CECB141A7EB400549213 /* TransactionDetailsViewController.h */,
				69C3CECC141A7EB400549213 /* TransactionDetailsViewController.m */,
			);
			name = Details;
			sourceTree = "<group>";
		};
		69C3CED9141A880900549213 /* Resources */ = {
			isa = PBXGroup;
			children = (
				69BA69BC141AD4C6008C4384 /* Categories */,
			);
			name = Resources;
			sourceTree = "<group>";
		};
		69C3CEDA141AB06800549213 /* Models */ = {
			isa = PBXGroup;
			children = (
				6941FF86141A6D6B00FB3A24 /* FriendlyLoan.xcdatamodeld */,
				69BA69C6141AE927008C4384 /* Generated Classes */,
				69BA69C7141AE941008C4384 /* Custom Classes */,
			);
			name = Models;
			sourceTree = "<group>";
		};
		69C3CEDB141AB07400549213 /* User Interface */ = {
			isa = PBXGroup;
			children = (
				6941FFA7141A6DAC00FB3A24 /* FriendlyLoan.storyboard */,
				69C3CEB1141A7B5000549213 /* Summary */,
				69C3CEB5141A7B6A00549213 /* History */,
				69C3CEB9141A7B8C00549213 /* Settings */,
				69C3CEBD141A7BA400549213 /* Add Loan */,
				69C3CEC1141A7BF600549213 /* Details */,
			);
			name = "User Interface";
			sourceTree = "<group>";
		};
/* End PBXGroup section */

/* Begin PBXNativeTarget section */
		6941FF6D141A6D6B00FB3A24 /* FriendlyLoan */ = {
			isa = PBXNativeTarget;
			buildConfigurationList = 6941FFA1141A6D6B00FB3A24 /* Build configuration list for PBXNativeTarget "FriendlyLoan" */;
			buildPhases = (
				6941FF6A141A6D6B00FB3A24 /* Sources */,
				6941FF6B141A6D6B00FB3A24 /* Frameworks */,
				6941FF6C141A6D6B00FB3A24 /* Resources */,
			);
			buildRules = (
			);
			dependencies = (
			);
			name = FriendlyLoan;
			productName = FriendlyLoan;
			productReference = 6941FF6E141A6D6B00FB3A24 /* FriendlyLoan.app */;
			productType = "com.apple.product-type.application";
		};
		6941FF8D141A6D6B00FB3A24 /* FriendlyLoanTests */ = {
			isa = PBXNativeTarget;
			buildConfigurationList = 6941FFA4141A6D6B00FB3A24 /* Build configuration list for PBXNativeTarget "FriendlyLoanTests" */;
			buildPhases = (
				6941FF89141A6D6B00FB3A24 /* Sources */,
				6941FF8A141A6D6B00FB3A24 /* Frameworks */,
				6941FF8B141A6D6B00FB3A24 /* Resources */,
				6941FF8C141A6D6B00FB3A24 /* ShellScript */,
			);
			buildRules = (
			);
			dependencies = (
				6941FF95141A6D6B00FB3A24 /* PBXTargetDependency */,
			);
			name = FriendlyLoanTests;
			productName = FriendlyLoanTests;
			productReference = 6941FF8E141A6D6B00FB3A24 /* FriendlyLoanTests.octest */;
			productType = "com.apple.product-type.bundle";
		};
/* End PBXNativeTarget section */

/* Begin PBXProject section */
		6941FF65141A6D6B00FB3A24 /* Project object */ = {
			isa = PBXProject;
			attributes = {
				LastUpgradeCheck = 0420;
				ORGANIZATIONNAME = "Rasmussen I/O";
			};
			buildConfigurationList = 6941FF68141A6D6B00FB3A24 /* Build configuration list for PBXProject "FriendlyLoan" */;
			compatibilityVersion = "Xcode 3.2";
			developmentRegion = English;
			hasScannedForEncodings = 0;
			knownRegions = (
				en,
			);
			mainGroup = 6941FF63141A6D6B00FB3A24;
			productRefGroup = 6941FF6F141A6D6B00FB3A24 /* Products */;
			projectDirPath = "";
			projectRoot = "";
			targets = (
				6941FF6D141A6D6B00FB3A24 /* FriendlyLoan */,
				6941FF8D141A6D6B00FB3A24 /* FriendlyLoanTests */,
			);
		};
/* End PBXProject section */

/* Begin PBXResourcesBuildPhase section */
		6941FF6C141A6D6B00FB3A24 /* Resources */ = {
			isa = PBXResourcesBuildPhase;
			buildActionMask = 2147483647;
			files = (
				6941FF7F141A6D6B00FB3A24 /* InfoPlist.strings in Resources */,
				6941FFA8141A6DAC00FB3A24 /* FriendlyLoan.storyboard in Resources */,
				69C3CED0141A812B00549213 /* Pig.png in Resources */,
				69C3CED1141A812B00549213 /* Pig@2x.png in Resources */,
				69BA69BE141AD4E3008C4384 /* Categories.plist in Resources */,
			);
			runOnlyForDeploymentPostprocessing = 0;
		};
		6941FF8B141A6D6B00FB3A24 /* Resources */ = {
			isa = PBXResourcesBuildPhase;
			buildActionMask = 2147483647;
			files = (
				6941FF9B141A6D6B00FB3A24 /* InfoPlist.strings in Resources */,
			);
			runOnlyForDeploymentPostprocessing = 0;
		};
/* End PBXResourcesBuildPhase section */

/* Begin PBXShellScriptBuildPhase section */
		6941FF8C141A6D6B00FB3A24 /* ShellScript */ = {
			isa = PBXShellScriptBuildPhase;
			buildActionMask = 2147483647;
			files = (
			);
			inputPaths = (
			);
			outputPaths = (
			);
			runOnlyForDeploymentPostprocessing = 0;
			shellPath = /bin/sh;
			shellScript = "# Run the unit tests in this test bundle.\n\"${SYSTEM_DEVELOPER_DIR}/Tools/RunUnitTests\"\n";
		};
/* End PBXShellScriptBuildPhase section */

/* Begin PBXSourcesBuildPhase section */
		6941FF6A141A6D6B00FB3A24 /* Sources */ = {
			isa = PBXSourcesBuildPhase;
			buildActionMask = 2147483647;
			files = (
				6941FF81141A6D6B00FB3A24 /* main.m in Sources */,
				6941FF85141A6D6B00FB3A24 /* AppDelegate.m in Sources */,
				6941FF88141A6D6B00FB3A24 /* FriendlyLoan.xcdatamodeld in Sources */,
				69C3CEB0141A7B4C00549213 /* SummaryViewController.m in Sources */,
				69C3CEB4141A7B6700549213 /* HistoryViewController.m in Sources */,
				69C3CEB8141A7B8800549213 /* SettingsViewController.m in Sources */,
				69C3CECA141A7EA600549213 /* AddLoanViewController.m in Sources */,
				69C3CECD141A7EB400549213 /* TransactionDetailsViewController.m in Sources */,
				69BA69C1141ADC23008C4384 /* Transaction+Custom.m in Sources */,
				69BA69CA141AF5A2008C4384 /* AmountTextField.m in Sources */,
				6993473D141C0050004DFEF1 /* Transaction.m in Sources */,
				69934740141C19F7004DFEF1 /* CategoriesViewController.m in Sources */,
			);
			runOnlyForDeploymentPostprocessing = 0;
		};
		6941FF89141A6D6B00FB3A24 /* Sources */ = {
			isa = PBXSourcesBuildPhase;
			buildActionMask = 2147483647;
			files = (
				6941FF9E141A6D6B00FB3A24 /* FriendlyLoanTests.m in Sources */,
			);
			runOnlyForDeploymentPostprocessing = 0;
		};
/* End PBXSourcesBuildPhase section */

/* Begin PBXTargetDependency section */
		6941FF95141A6D6B00FB3A24 /* PBXTargetDependency */ = {
			isa = PBXTargetDependency;
			target = 6941FF6D141A6D6B00FB3A24 /* FriendlyLoan */;
			targetProxy = 6941FF94141A6D6B00FB3A24 /* PBXContainerItemProxy */;
		};
/* End PBXTargetDependency section */

/* Begin PBXVariantGroup section */
		6941FF7D141A6D6B00FB3A24 /* InfoPlist.strings */ = {
			isa = PBXVariantGroup;
			children = (
				6941FF7E141A6D6B00FB3A24 /* en */,
			);
			name = InfoPlist.strings;
			sourceTree = "<group>";
		};
		6941FF99141A6D6B00FB3A24 /* InfoPlist.strings */ = {
			isa = PBXVariantGroup;
			children = (
				6941FF9A141A6D6B00FB3A24 /* en */,
			);
			name = InfoPlist.strings;
			sourceTree = "<group>";
		};
/* End PBXVariantGroup section */

/* Begin XCBuildConfiguration section */
		6941FF9F141A6D6B00FB3A24 /* Debug */ = {
			isa = XCBuildConfiguration;
			buildSettings = {
				ALWAYS_SEARCH_USER_PATHS = NO;
				ARCHS = "$(ARCHS_STANDARD_32_BIT)";
				CLANG_ENABLE_OBJC_ARC = YES;
				"CODE_SIGN_IDENTITY[sdk=iphoneos*]" = "iPhone Developer";
				COPY_PHASE_STRIP = NO;
				GCC_C_LANGUAGE_STANDARD = gnu99;
				GCC_DYNAMIC_NO_PIC = NO;
				GCC_OPTIMIZATION_LEVEL = 0;
				GCC_PREPROCESSOR_DEFINITIONS = (
					"DEBUG=1",
					"$(inherited)",
				);
				GCC_SYMBOLS_PRIVATE_EXTERN = NO;
				GCC_VERSION = com.apple.compilers.llvm.clang.1_0;
				GCC_WARN_ABOUT_MISSING_PROTOTYPES = YES;
				GCC_WARN_ABOUT_RETURN_TYPE = YES;
				GCC_WARN_UNUSED_VARIABLE = YES;
				IPHONEOS_DEPLOYMENT_TARGET = 5.0;
				SDKROOT = iphoneos;
			};
			name = Debug;
		};
		6941FFA0141A6D6B00FB3A24 /* Release */ = {
			isa = XCBuildConfiguration;
			buildSettings = {
				ALWAYS_SEARCH_USER_PATHS = NO;
				ARCHS = "$(ARCHS_STANDARD_32_BIT)";
				CLANG_ENABLE_OBJC_ARC = YES;
				"CODE_SIGN_IDENTITY[sdk=iphoneos*]" = "iPhone Developer";
				COPY_PHASE_STRIP = YES;
				GCC_C_LANGUAGE_STANDARD = gnu99;
				GCC_VERSION = com.apple.compilers.llvm.clang.1_0;
				GCC_WARN_ABOUT_MISSING_PROTOTYPES = YES;
				GCC_WARN_ABOUT_RETURN_TYPE = YES;
				GCC_WARN_UNUSED_VARIABLE = YES;
				IPHONEOS_DEPLOYMENT_TARGET = 5.0;
				OTHER_CFLAGS = "-DNS_BLOCK_ASSERTIONS=1";
				SDKROOT = iphoneos;
				VALIDATE_PRODUCT = YES;
			};
			name = Release;
		};
		6941FFA2141A6D6B00FB3A24 /* Debug */ = {
			isa = XCBuildConfiguration;
			buildSettings = {
				"CODE_SIGN_IDENTITY[sdk=iphoneos*]" = "iPhone Developer";
				GCC_PRECOMPILE_PREFIX_HEADER = YES;
				GCC_PREFIX_HEADER = "FriendlyLoan/FriendlyLoan-Prefix.pch";
				INFOPLIST_FILE = "FriendlyLoan/FriendlyLoan-Info.plist";
				PRODUCT_NAME = "$(TARGET_NAME)";
				"PROVISIONING_PROFILE[sdk=iphoneos*]" = "";
				WRAPPER_EXTENSION = app;
			};
			name = Debug;
		};
		6941FFA3141A6D6B00FB3A24 /* Release */ = {
			isa = XCBuildConfiguration;
			buildSettings = {
				"CODE_SIGN_IDENTITY[sdk=iphoneos*]" = "iPhone Distribution";
				GCC_PRECOMPILE_PREFIX_HEADER = YES;
				GCC_PREFIX_HEADER = "FriendlyLoan/FriendlyLoan-Prefix.pch";
				INFOPLIST_FILE = "FriendlyLoan/FriendlyLoan-Info.plist";
				PRODUCT_NAME = "$(TARGET_NAME)";
				"PROVISIONING_PROFILE[sdk=iphoneos*]" = "";
				WRAPPER_EXTENSION = app;
			};
			name = Release;
		};
		6941FFA5141A6D6B00FB3A24 /* Debug */ = {
			isa = XCBuildConfiguration;
			buildSettings = {
				BUNDLE_LOADER = "$(BUILT_PRODUCTS_DIR)/FriendlyLoan.app/FriendlyLoan";
				FRAMEWORK_SEARCH_PATHS = (
					"$(SDKROOT)/Developer/Library/Frameworks",
					"$(DEVELOPER_LIBRARY_DIR)/Frameworks",
				);
				GCC_PRECOMPILE_PREFIX_HEADER = YES;
				GCC_PREFIX_HEADER = "FriendlyLoan/FriendlyLoan-Prefix.pch";
				INFOPLIST_FILE = "FriendlyLoanTests/FriendlyLoanTests-Info.plist";
				PRODUCT_NAME = "$(TARGET_NAME)";
				TEST_HOST = "$(BUNDLE_LOADER)";
				WRAPPER_EXTENSION = octest;
			};
			name = Debug;
		};
		6941FFA6141A6D6B00FB3A24 /* Release */ = {
			isa = XCBuildConfiguration;
			buildSettings = {
				BUNDLE_LOADER = "$(BUILT_PRODUCTS_DIR)/FriendlyLoan.app/FriendlyLoan";
				FRAMEWORK_SEARCH_PATHS = (
					"$(SDKROOT)/Developer/Library/Frameworks",
					"$(DEVELOPER_LIBRARY_DIR)/Frameworks",
				);
				GCC_PRECOMPILE_PREFIX_HEADER = YES;
				GCC_PREFIX_HEADER = "FriendlyLoan/FriendlyLoan-Prefix.pch";
				INFOPLIST_FILE = "FriendlyLoanTests/FriendlyLoanTests-Info.plist";
				PRODUCT_NAME = "$(TARGET_NAME)";
				TEST_HOST = "$(BUNDLE_LOADER)";
				WRAPPER_EXTENSION = octest;
			};
			name = Release;
		};
/* End XCBuildConfiguration section */

/* Begin XCConfigurationList section */
		6941FF68141A6D6B00FB3A24 /* Build configuration list for PBXProject "FriendlyLoan" */ = {
			isa = XCConfigurationList;
			buildConfigurations = (
				6941FF9F141A6D6B00FB3A24 /* Debug */,
				6941FFA0141A6D6B00FB3A24 /* Release */,
			);
			defaultConfigurationIsVisible = 0;
			defaultConfigurationName = Release;
		};
		6941FFA1141A6D6B00FB3A24 /* Build configuration list for PBXNativeTarget "FriendlyLoan" */ = {
			isa = XCConfigurationList;
			buildConfigurations = (
				6941FFA2141A6D6B00FB3A24 /* Debug */,
				6941FFA3141A6D6B00FB3A24 /* Release */,
			);
			defaultConfigurationIsVisible = 0;
			defaultConfigurationName = Release;
		};
		6941FFA4141A6D6B00FB3A24 /* Build configuration list for PBXNativeTarget "FriendlyLoanTests" */ = {
			isa = XCConfigurationList;
			buildConfigurations = (
				6941FFA5141A6D6B00FB3A24 /* Debug */,
				6941FFA6141A6D6B00FB3A24 /* Release */,
			);
			defaultConfigurationIsVisible = 0;
			defaultConfigurationName = Release;
		};
/* End XCConfigurationList section */

/* Begin XCVersionGroup section */
		6941FF86141A6D6B00FB3A24 /* FriendlyLoan.xcdatamodeld */ = {
			isa = XCVersionGroup;
			children = (
				6941FF87141A6D6B00FB3A24 /* FriendlyLoan.xcdatamodel */,
			);
			currentVersion = 6941FF87141A6D6B00FB3A24 /* FriendlyLoan.xcdatamodel */;
			path = FriendlyLoan.xcdatamodeld;
			sourceTree = "<group>";
			versionGroupType = wrapper.xcdatamodel;
		};
/* End XCVersionGroup section */
	};
	rootObject = 6941FF65141A6D6B00FB3A24 /* Project object */;
}
